// !$*UTF8*$!
{
	archiveVersion = 1;
	classes = {
	};
	objectVersion = 55;
	objects = {

/* Begin PBXBuildFile section */
		D80430E22805ACBC00146B64 /* Exercise.swift in Sources */ = {isa = PBXBuildFile; fileRef = D80430E12805ACBC00146B64 /* Exercise.swift */; };
		D80430E42805DF0500146B64 /* HeaderView.swift in Sources */ = {isa = PBXBuildFile; fileRef = D80430E32805DF0500146B64 /* HeaderView.swift */; };
		D80430E62805E5E000146B64 /* ExerciseDetailView.swift in Sources */ = {isa = PBXBuildFile; fileRef = D80430E52805E5E000146B64 /* ExerciseDetailView.swift */; };
		D82E60BA2802EF1D008CE10A /* ProfileView.swift in Sources */ = {isa = PBXBuildFile; fileRef = D82E60B92802EF1D008CE10A /* ProfileView.swift */; };
		D82E60C42802FA26008CE10A /* ExercisesView.swift in Sources */ = {isa = PBXBuildFile; fileRef = D82E60C32802FA26008CE10A /* ExercisesView.swift */; };
		D82E60C62802FAF1008CE10A /* FoodView.swift in Sources */ = {isa = PBXBuildFile; fileRef = D82E60C52802FAF1008CE10A /* FoodView.swift */; };
		D82E60C82802FAFF008CE10A /* HistoryView.swift in Sources */ = {isa = PBXBuildFile; fileRef = D82E60C72802FAFF008CE10A /* HistoryView.swift */; };
		D82E60CA2802FB0C008CE10A /* SuccessView.swift in Sources */ = {isa = PBXBuildFile; fileRef = D82E60C92802FB0C008CE10A /* SuccessView.swift */; };
		D82E68EE2807069F00AFA077 /* GoogleService-Info.plist in Resources */ = {isa = PBXBuildFile; fileRef = D82E68ED2807069F00AFA077 /* GoogleService-Info.plist */; };
		D82E68F22807093D00AFA077 /* FirebaseAnalytics in Frameworks */ = {isa = PBXBuildFile; productRef = D82E68F12807093D00AFA077 /* FirebaseAnalytics */; };
		D82E68F42807093D00AFA077 /* FirebaseAuth in Frameworks */ = {isa = PBXBuildFile; productRef = D82E68F32807093D00AFA077 /* FirebaseAuth */; };
		D82E68F62807093D00AFA077 /* FirebaseCrashlytics in Frameworks */ = {isa = PBXBuildFile; productRef = D82E68F52807093D00AFA077 /* FirebaseCrashlytics */; };
		D82E68F82807093D00AFA077 /* FirebaseDatabase in Frameworks */ = {isa = PBXBuildFile; productRef = D82E68F72807093D00AFA077 /* FirebaseDatabase */; };
		D82E68FA2807093D00AFA077 /* FirebaseStorage in Frameworks */ = {isa = PBXBuildFile; productRef = D82E68F92807093D00AFA077 /* FirebaseStorage */; };
		D82E68FC280709ED00AFA077 /* AppDelegate.swift in Sources */ = {isa = PBXBuildFile; fileRef = D82E68FB280709ED00AFA077 /* AppDelegate.swift */; };
		D82E68FE28070BAD00AFA077 /* RegistrationDetails.swift in Sources */ = {isa = PBXBuildFile; fileRef = D82E68FD28070BAD00AFA077 /* RegistrationDetails.swift */; };
		D82E690228070D9E00AFA077 /* RegistrationView.swift in Sources */ = {isa = PBXBuildFile; fileRef = D82E690128070D9E00AFA077 /* RegistrationView.swift */; };
		D82E6906280718AE00AFA077 /* PickerView.swift in Sources */ = {isa = PBXBuildFile; fileRef = D82E6905280718AE00AFA077 /* PickerView.swift */; };
		D82E6908280808E800AFA077 /* PagesView.swift in Sources */ = {isa = PBXBuildFile; fileRef = D82E6907280808E800AFA077 /* PagesView.swift */; };
		D85E4CA32806CC7D000143E4 /* SignInView.swift in Sources */ = {isa = PBXBuildFile; fileRef = D85E4CA22806CC7D000143E4 /* SignInView.swift */; };
		D85E4CA52806D95D000143E4 /* SignView.swift in Sources */ = {isa = PBXBuildFile; fileRef = D85E4CA42806D95D000143E4 /* SignView.swift */; };
		D85E4CA72806DA0F000143E4 /* SignUpView.swift in Sources */ = {isa = PBXBuildFile; fileRef = D85E4CA62806DA0F000143E4 /* SignUpView.swift */; };
		D8DD8C4628016F68004D3C69 /* FitBBApp.swift in Sources */ = {isa = PBXBuildFile; fileRef = D8DD8C4528016F68004D3C69 /* FitBBApp.swift */; };
		D8DD8C4828016F68004D3C69 /* ContentView.swift in Sources */ = {isa = PBXBuildFile; fileRef = D8DD8C4728016F68004D3C69 /* ContentView.swift */; };
		D8DD8C4A28016F6A004D3C69 /* Assets.xcassets in Resources */ = {isa = PBXBuildFile; fileRef = D8DD8C4928016F6A004D3C69 /* Assets.xcassets */; };
		D8DD8C4D28016F6A004D3C69 /* Preview Assets.xcassets in Resources */ = {isa = PBXBuildFile; fileRef = D8DD8C4C28016F6A004D3C69 /* Preview Assets.xcassets */; };
/* End PBXBuildFile section */

/* Begin PBXFileReference section */
		D80430E12805ACBC00146B64 /* Exercise.swift */ = {isa = PBXFileReference; lastKnownFileType = sourcecode.swift; path = Exercise.swift; sourceTree = "<group>"; };
		D80430E32805DF0500146B64 /* HeaderView.swift */ = {isa = PBXFileReference; lastKnownFileType = sourcecode.swift; path = HeaderView.swift; sourceTree = "<group>"; };
		D80430E52805E5E000146B64 /* ExerciseDetailView.swift */ = {isa = PBXFileReference; lastKnownFileType = sourcecode.swift; path = ExerciseDetailView.swift; sourceTree = "<group>"; };
		D82E60B92802EF1D008CE10A /* ProfileView.swift */ = {isa = PBXFileReference; lastKnownFileType = sourcecode.swift; path = ProfileView.swift; sourceTree = "<group>"; };
		D82E60C32802FA26008CE10A /* ExercisesView.swift */ = {isa = PBXFileReference; lastKnownFileType = sourcecode.swift; path = ExercisesView.swift; sourceTree = "<group>"; };
		D82E60C52802FAF1008CE10A /* FoodView.swift */ = {isa = PBXFileReference; lastKnownFileType = sourcecode.swift; path = FoodView.swift; sourceTree = "<group>"; };
		D82E60C72802FAFF008CE10A /* HistoryView.swift */ = {isa = PBXFileReference; lastKnownFileType = sourcecode.swift; path = HistoryView.swift; sourceTree = "<group>"; };
		D82E60C92802FB0C008CE10A /* SuccessView.swift */ = {isa = PBXFileReference; lastKnownFileType = sourcecode.swift; path = SuccessView.swift; sourceTree = "<group>"; };
		D82E68ED2807069F00AFA077 /* GoogleService-Info.plist */ = {isa = PBXFileReference; fileEncoding = 4; lastKnownFileType = text.plist.xml; name = "GoogleService-Info.plist"; path = "../../../../../../../../Downloads/GoogleService-Info.plist"; sourceTree = "<group>"; };
		D82E68EF280706A300AFA077 /* GoogleService-Info.plist */ = {isa = PBXFileReference; lastKnownFileType = text.plist.xml; path = "GoogleService-Info.plist"; sourceTree = "<group>"; };
		D82E68FB280709ED00AFA077 /* AppDelegate.swift */ = {isa = PBXFileReference; lastKnownFileType = sourcecode.swift; path = AppDelegate.swift; sourceTree = "<group>"; };
		D82E68FD28070BAD00AFA077 /* RegistrationDetails.swift */ = {isa = PBXFileReference; lastKnownFileType = sourcecode.swift; path = RegistrationDetails.swift; sourceTree = "<group>"; };
		D82E690128070D9E00AFA077 /* RegistrationView.swift */ = {isa = PBXFileReference; lastKnownFileType = sourcecode.swift; path = RegistrationView.swift; sourceTree = "<group>"; };
		D82E6905280718AE00AFA077 /* PickerView.swift */ = {isa = PBXFileReference; lastKnownFileType = sourcecode.swift; path = PickerView.swift; sourceTree = "<group>"; };
		D82E6907280808E800AFA077 /* PagesView.swift */ = {isa = PBXFileReference; lastKnownFileType = sourcecode.swift; path = PagesView.swift; sourceTree = "<group>"; };
		D85E4CA22806CC7D000143E4 /* SignInView.swift */ = {isa = PBXFileReference; lastKnownFileType = sourcecode.swift; path = SignInView.swift; sourceTree = "<group>"; };
		D85E4CA42806D95D000143E4 /* SignView.swift */ = {isa = PBXFileReference; lastKnownFileType = sourcecode.swift; path = SignView.swift; sourceTree = "<group>"; };
		D85E4CA62806DA0F000143E4 /* SignUpView.swift */ = {isa = PBXFileReference; lastKnownFileType = sourcecode.swift; path = SignUpView.swift; sourceTree = "<group>"; };
		D8DD8C4228016F68004D3C69 /* FitBB.app */ = {isa = PBXFileReference; explicitFileType = wrapper.application; includeInIndex = 0; path = FitBB.app; sourceTree = BUILT_PRODUCTS_DIR; };
		D8DD8C4528016F68004D3C69 /* FitBBApp.swift */ = {isa = PBXFileReference; lastKnownFileType = sourcecode.swift; path = FitBBApp.swift; sourceTree = "<group>"; };
		D8DD8C4728016F68004D3C69 /* ContentView.swift */ = {isa = PBXFileReference; lastKnownFileType = sourcecode.swift; path = ContentView.swift; sourceTree = "<group>"; };
		D8DD8C4928016F6A004D3C69 /* Assets.xcassets */ = {isa = PBXFileReference; lastKnownFileType = folder.assetcatalog; path = Assets.xcassets; sourceTree = "<group>"; };
		D8DD8C4C28016F6A004D3C69 /* Preview Assets.xcassets */ = {isa = PBXFileReference; lastKnownFileType = folder.assetcatalog; path = "Preview Assets.xcassets"; sourceTree = "<group>"; };
/* End PBXFileReference section */

/* Begin PBXFrameworksBuildPhase section */
		D8DD8C3F28016F68004D3C69 /* Frameworks */ = {
			isa = PBXFrameworksBuildPhase;
			buildActionMask = 2147483647;
			files = (
				D82E68F62807093D00AFA077 /* FirebaseCrashlytics in Frameworks */,
				D82E68F22807093D00AFA077 /* FirebaseAnalytics in Frameworks */,
				D82E68F82807093D00AFA077 /* FirebaseDatabase in Frameworks */,
				D82E68FA2807093D00AFA077 /* FirebaseStorage in Frameworks */,
				D82E68F42807093D00AFA077 /* FirebaseAuth in Frameworks */,
			);
			runOnlyForDeploymentPostprocessing = 0;
		};
/* End PBXFrameworksBuildPhase section */

/* Begin PBXGroup section */
		D82E60BB2802EFCC008CE10A /* Views */ = {
			isa = PBXGroup;
			children = (
				D8DD8C4728016F68004D3C69 /* ContentView.swift */,
				D82E6907280808E800AFA077 /* PagesView.swift */,
				D82E60B92802EF1D008CE10A /* ProfileView.swift */,
				D85E4CA42806D95D000143E4 /* SignView.swift */,
				D85E4CA22806CC7D000143E4 /* SignInView.swift */,
				D85E4CA62806DA0F000143E4 /* SignUpView.swift */,
				D82E690128070D9E00AFA077 /* RegistrationView.swift */,
				D82E6905280718AE00AFA077 /* PickerView.swift */,
				D82E60C32802FA26008CE10A /* ExercisesView.swift */,
				D80430E52805E5E000146B64 /* ExerciseDetailView.swift */,
				D82E60C52802FAF1008CE10A /* FoodView.swift */,
				D82E60C72802FAFF008CE10A /* HistoryView.swift */,
				D82E60C92802FB0C008CE10A /* SuccessView.swift */,
				D80430E32805DF0500146B64 /* HeaderView.swift */,
			);
			path = Views;
			sourceTree = "<group>";
		};
		D82E60BE2802F011008CE10A /* Model */ = {
			isa = PBXGroup;
			children = (
				D80430E12805ACBC00146B64 /* Exercise.swift */,
				D82E68FD28070BAD00AFA077 /* RegistrationDetails.swift */,
			);
			path = Model;
			sourceTree = "<group>";
		};
		D8DD8C3928016F68004D3C69 = {
			isa = PBXGroup;
			children = (
				D8DD8C4428016F68004D3C69 /* FitBB */,
				D8DD8C4328016F68004D3C69 /* Products */,
			);
			sourceTree = "<group>";
		};
		D8DD8C4328016F68004D3C69 /* Products */ = {
			isa = PBXGroup;
			children = (
				D8DD8C4228016F68004D3C69 /* FitBB.app */,
			);
			name = Products;
			sourceTree = "<group>";
		};
		D8DD8C4428016F68004D3C69 /* FitBB */ = {
			isa = PBXGroup;
			children = (
				D8DD8C4528016F68004D3C69 /* FitBBApp.swift */,
				D82E68FB280709ED00AFA077 /* AppDelegate.swift */,
				D82E60BB2802EFCC008CE10A /* Views */,
				D82E60BE2802F011008CE10A /* Model */,
				D8DD8C4928016F6A004D3C69 /* Assets.xcassets */,
				D82E68EF280706A300AFA077 /* GoogleService-Info.plist */,
				D8DD8C4B28016F6A004D3C69 /* Preview Content */,
			);
			path = FitBB;
			sourceTree = "<group>";
		};
		D8DD8C4B28016F6A004D3C69 /* Preview Content */ = {
			isa = PBXGroup;
			children = (
				D82E68ED2807069F00AFA077 /* GoogleService-Info.plist */,
				D8DD8C4C28016F6A004D3C69 /* Preview Assets.xcassets */,
			);
			path = "Preview Content";
			sourceTree = "<group>";
		};
/* End PBXGroup section */

/* Begin PBXNativeTarget section */
		D8DD8C4128016F68004D3C69 /* FitBB */ = {
			isa = PBXNativeTarget;
			buildConfigurationList = D8DD8C5028016F6A004D3C69 /* Build configuration list for PBXNativeTarget "FitBB" */;
			buildPhases = (
				D8DD8C3E28016F68004D3C69 /* Sources */,
				D8DD8C3F28016F68004D3C69 /* Frameworks */,
				D8DD8C4028016F68004D3C69 /* Resources */,
			);
			buildRules = (
			);
			dependencies = (
			);
			name = FitBB;
			packageProductDependencies = (
				D82E68F12807093D00AFA077 /* FirebaseAnalytics */,
				D82E68F32807093D00AFA077 /* FirebaseAuth */,
				D82E68F52807093D00AFA077 /* FirebaseCrashlytics */,
				D82E68F72807093D00AFA077 /* FirebaseDatabase */,
				D82E68F92807093D00AFA077 /* FirebaseStorage */,
			);
			productName = FitBB;
			productReference = D8DD8C4228016F68004D3C69 /* FitBB.app */;
			productType = "com.apple.product-type.application";
		};
/* End PBXNativeTarget section */

/* Begin PBXProject section */
		D8DD8C3A28016F68004D3C69 /* Project object */ = {
			isa = PBXProject;
			attributes = {
				BuildIndependentTargetsInParallel = 1;
				LastSwiftUpdateCheck = 1330;
				LastUpgradeCheck = 1330;
				TargetAttributes = {
					D8DD8C4128016F68004D3C69 = {
						CreatedOnToolsVersion = 13.3;
					};
				};
			};
			buildConfigurationList = D8DD8C3D28016F68004D3C69 /* Build configuration list for PBXProject "FitBB" */;
			compatibilityVersion = "Xcode 13.0";
			developmentRegion = en;
			hasScannedForEncodings = 0;
			knownRegions = (
				en,
				Base,
			);
			mainGroup = D8DD8C3928016F68004D3C69;
			packageReferences = (
				D82E68F02807093D00AFA077 /* XCRemoteSwiftPackageReference "firebase-ios-sdk" */,
			);
			productRefGroup = D8DD8C4328016F68004D3C69 /* Products */;
			projectDirPath = "";
			projectRoot = "";
			targets = (
				D8DD8C4128016F68004D3C69 /* FitBB */,
			);
		};
/* End PBXProject section */

/* Begin PBXResourcesBuildPhase section */
		D8DD8C4028016F68004D3C69 /* Resources */ = {
			isa = PBXResourcesBuildPhase;
			buildActionMask = 2147483647;
			files = (
				D8DD8C4D28016F6A004D3C69 /* Preview Assets.xcassets in Resources */,
				D8DD8C4A28016F6A004D3C69 /* Assets.xcassets in Resources */,
				D82E68EE2807069F00AFA077 /* GoogleService-Info.plist in Resources */,
			);
			runOnlyForDeploymentPostprocessing = 0;
		};
/* End PBXResourcesBuildPhase section */

/* Begin PBXSourcesBuildPhase section */
		D8DD8C3E28016F68004D3C69 /* Sources */ = {
			isa = PBXSourcesBuildPhase;
			buildActionMask = 2147483647;
			files = (
				D8DD8C4828016F68004D3C69 /* ContentView.swift in Sources */,
				D80430E62805E5E000146B64 /* ExerciseDetailView.swift in Sources */,
				D80430E42805DF0500146B64 /* HeaderView.swift in Sources */,
				D82E60CA2802FB0C008CE10A /* SuccessView.swift in Sources */,
				D82E68FC280709ED00AFA077 /* AppDelegate.swift in Sources */,
				D82E60BA2802EF1D008CE10A /* ProfileView.swift in Sources */,
				D85E4CA52806D95D000143E4 /* SignView.swift in Sources */,
				D82E690228070D9E00AFA077 /* RegistrationView.swift in Sources */,
				D82E60C62802FAF1008CE10A /* FoodView.swift in Sources */,
				D82E6906280718AE00AFA077 /* PickerView.swift in Sources */,
				D8DD8C4628016F68004D3C69 /* FitBBApp.swift in Sources */,
				D82E6908280808E800AFA077 /* PagesView.swift in Sources */,
				D82E68FE28070BAD00AFA077 /* RegistrationDetails.swift in Sources */,
				D85E4CA72806DA0F000143E4 /* SignUpView.swift in Sources */,
				D82E60C42802FA26008CE10A /* ExercisesView.swift in Sources */,
				D82E60C82802FAFF008CE10A /* HistoryView.swift in Sources */,
				D85E4CA32806CC7D000143E4 /* SignInView.swift in Sources */,
				D80430E22805ACBC00146B64 /* Exercise.swift in Sources */,
			);
			runOnlyForDeploymentPostprocessing = 0;
		};
/* End PBXSourcesBuildPhase section */

/* Begin XCBuildConfiguration section */
		D8DD8C4E28016F6A004D3C69 /* Debug */ = {
			isa = XCBuildConfiguration;
			buildSettings = {
				ALWAYS_SEARCH_USER_PATHS = NO;
				CLANG_ANALYZER_NONNULL = YES;
				CLANG_ANALYZER_NUMBER_OBJECT_CONVERSION = YES_AGGRESSIVE;
				CLANG_CXX_LANGUAGE_STANDARD = "gnu++17";
				CLANG_ENABLE_MODULES = YES;
				CLANG_ENABLE_OBJC_ARC = YES;
				CLANG_ENABLE_OBJC_WEAK = YES;
				CLANG_WARN_BLOCK_CAPTURE_AUTORELEASING = YES;
				CLANG_WARN_BOOL_CONVERSION = YES;
				CLANG_WARN_COMMA = YES;
				CLANG_WARN_CONSTANT_CONVERSION = YES;
				CLANG_WARN_DEPRECATED_OBJC_IMPLEMENTATIONS = YES;
				CLANG_WARN_DIRECT_OBJC_ISA_USAGE = YES_ERROR;
				CLANG_WARN_DOCUMENTATION_COMMENTS = YES;
				CLANG_WARN_EMPTY_BODY = YES;
				CLANG_WARN_ENUM_CONVERSION = YES;
				CLANG_WARN_INFINITE_RECURSION = YES;
				CLANG_WARN_INT_CONVERSION = YES;
				CLANG_WARN_NON_LITERAL_NULL_CONVERSION = YES;
				CLANG_WARN_OBJC_IMPLICIT_RETAIN_SELF = YES;
				CLANG_WARN_OBJC_LITERAL_CONVERSION = YES;
				CLANG_WARN_OBJC_ROOT_CLASS = YES_ERROR;
				CLANG_WARN_QUOTED_INCLUDE_IN_FRAMEWORK_HEADER = YES;
				CLANG_WARN_RANGE_LOOP_ANALYSIS = YES;
				CLANG_WARN_STRICT_PROTOTYPES = YES;
				CLANG_WARN_SUSPICIOUS_MOVE = YES;
				CLANG_WARN_UNGUARDED_AVAILABILITY = YES_AGGRESSIVE;
				CLANG_WARN_UNREACHABLE_CODE = YES;
				CLANG_WARN__DUPLICATE_METHOD_MATCH = YES;
				COPY_PHASE_STRIP = NO;
				DEBUG_INFORMATION_FORMAT = dwarf;
				ENABLE_STRICT_OBJC_MSGSEND = YES;
				ENABLE_TESTABILITY = YES;
				GCC_C_LANGUAGE_STANDARD = gnu11;
				GCC_DYNAMIC_NO_PIC = NO;
				GCC_NO_COMMON_BLOCKS = YES;
				GCC_OPTIMIZATION_LEVEL = 0;
				GCC_PREPROCESSOR_DEFINITIONS = (
					"DEBUG=1",
					"$(inherited)",
				);
				GCC_WARN_64_TO_32_BIT_CONVERSION = YES;
				GCC_WARN_ABOUT_RETURN_TYPE = YES_ERROR;
				GCC_WARN_UNDECLARED_SELECTOR = YES;
				GCC_WARN_UNINITIALIZED_AUTOS = YES_AGGRESSIVE;
				GCC_WARN_UNUSED_FUNCTION = YES;
				GCC_WARN_UNUSED_VARIABLE = YES;
				IPHONEOS_DEPLOYMENT_TARGET = 15.4;
				MTL_ENABLE_DEBUG_INFO = INCLUDE_SOURCE;
				MTL_FAST_MATH = YES;
				ONLY_ACTIVE_ARCH = YES;
				SDKROOT = iphoneos;
				SWIFT_ACTIVE_COMPILATION_CONDITIONS = DEBUG;
				SWIFT_OPTIMIZATION_LEVEL = "-Onone";
			};
			name = Debug;
		};
		D8DD8C4F28016F6A004D3C69 /* Release */ = {
			isa = XCBuildConfiguration;
			buildSettings = {
				ALWAYS_SEARCH_USER_PATHS = NO;
				CLANG_ANALYZER_NONNULL = YES;
				CLANG_ANALYZER_NUMBER_OBJECT_CONVERSION = YES_AGGRESSIVE;
				CLANG_CXX_LANGUAGE_STANDARD = "gnu++17";
				CLANG_ENABLE_MODULES = YES;
				CLANG_ENABLE_OBJC_ARC = YES;
				CLANG_ENABLE_OBJC_WEAK = YES;
				CLANG_WARN_BLOCK_CAPTURE_AUTORELEASING = YES;
				CLANG_WARN_BOOL_CONVERSION = YES;
				CLANG_WARN_COMMA = YES;
				CLANG_WARN_CONSTANT_CONVERSION = YES;
				CLANG_WARN_DEPRECATED_OBJC_IMPLEMENTATIONS = YES;
				CLANG_WARN_DIRECT_OBJC_ISA_USAGE = YES_ERROR;
				CLANG_WARN_DOCUMENTATION_COMMENTS = YES;
				CLANG_WARN_EMPTY_BODY = YES;
				CLANG_WARN_ENUM_CONVERSION = YES;
				CLANG_WARN_INFINITE_RECURSION = YES;
				CLANG_WARN_INT_CONVERSION = YES;
				CLANG_WARN_NON_LITERAL_NULL_CONVERSION = YES;
				CLANG_WARN_OBJC_IMPLICIT_RETAIN_SELF = YES;
				CLANG_WARN_OBJC_LITERAL_CONVERSION = YES;
				CLANG_WARN_OBJC_ROOT_CLASS = YES_ERROR;
				CLANG_WARN_QUOTED_INCLUDE_IN_FRAMEWORK_HEADER = YES;
				CLANG_WARN_RANGE_LOOP_ANALYSIS = YES;
				CLANG_WARN_STRICT_PROTOTYPES = YES;
				CLANG_WARN_SUSPICIOUS_MOVE = YES;
				CLANG_WARN_UNGUARDED_AVAILABILITY = YES_AGGRESSIVE;
				CLANG_WARN_UNREACHABLE_CODE = YES;
				CLANG_WARN__DUPLICATE_METHOD_MATCH = YES;
				COPY_PHASE_STRIP = NO;
				DEBUG_INFORMATION_FORMAT = "dwarf-with-dsym";
				ENABLE_NS_ASSERTIONS = NO;
				ENABLE_STRICT_OBJC_MSGSEND = YES;
				GCC_C_LANGUAGE_STANDARD = gnu11;
				GCC_NO_COMMON_BLOCKS = YES;
				GCC_WARN_64_TO_32_BIT_CONVERSION = YES;
				GCC_WARN_ABOUT_RETURN_TYPE = YES_ERROR;
				GCC_WARN_UNDECLARED_SELECTOR = YES;
				GCC_WARN_UNINITIALIZED_AUTOS = YES_AGGRESSIVE;
				GCC_WARN_UNUSED_FUNCTION = YES;
				GCC_WARN_UNUSED_VARIABLE = YES;
				IPHONEOS_DEPLOYMENT_TARGET = 15.4;
				MTL_ENABLE_DEBUG_INFO = NO;
				MTL_FAST_MATH = YES;
				SDKROOT = iphoneos;
				SWIFT_COMPILATION_MODE = wholemodule;
				SWIFT_OPTIMIZATION_LEVEL = "-O";
				VALIDATE_PRODUCT = YES;
			};
			name = Release;
		};
		D8DD8C5128016F6A004D3C69 /* Debug */ = {
			isa = XCBuildConfiguration;
			buildSettings = {
				ASSETCATALOG_COMPILER_APPICON_NAME = AppIcon;
				ASSETCATALOG_COMPILER_GLOBAL_ACCENT_COLOR_NAME = AccentColor;
				CODE_SIGN_STYLE = Automatic;
				CURRENT_PROJECT_VERSION = 1;
				DEVELOPMENT_ASSET_PATHS = "\"FitBB/Preview Content\"";
				DEVELOPMENT_TEAM = W8E6UD5535;
				ENABLE_PREVIEWS = YES;
				GENERATE_INFOPLIST_FILE = YES;
				INFOPLIST_KEY_UIApplicationSceneManifest_Generation = YES;
				INFOPLIST_KEY_UIApplicationSupportsIndirectInputEvents = YES;
				INFOPLIST_KEY_UILaunchScreen_Generation = YES;
				INFOPLIST_KEY_UISupportedInterfaceOrientations_iPad = "UIInterfaceOrientationPortrait UIInterfaceOrientationPortraitUpsideDown UIInterfaceOrientationLandscapeLeft UIInterfaceOrientationLandscapeRight";
				INFOPLIST_KEY_UISupportedInterfaceOrientations_iPhone = "UIInterfaceOrientationPortrait UIInterfaceOrientationLandscapeLeft UIInterfaceOrientationLandscapeRight";
				LD_RUNPATH_SEARCH_PATHS = (
					"$(inherited)",
					"@executable_path/Frameworks",
				);
				MARKETING_VERSION = 1.0;
				PRODUCT_BUNDLE_IDENTIFIER = aumetov.FitBB;
				PRODUCT_NAME = "$(TARGET_NAME)";
				SWIFT_EMIT_LOC_STRINGS = YES;
				SWIFT_VERSION = 5.0;
				TARGETED_DEVICE_FAMILY = "1,2";
			};
			name = Debug;
		};
		D8DD8C5228016F6A004D3C69 /* Release */ = {
			isa = XCBuildConfiguration;
			buildSettings = {
				ASSETCATALOG_COMPILER_APPICON_NAME = AppIcon;
				ASSETCATALOG_COMPILER_GLOBAL_ACCENT_COLOR_NAME = AccentColor;
				CODE_SIGN_STYLE = Automatic;
				CURRENT_PROJECT_VERSION = 1;
				DEVELOPMENT_ASSET_PATHS = "\"FitBB/Preview Content\"";
				DEVELOPMENT_TEAM = W8E6UD5535;
				ENABLE_PREVIEWS = YES;
				GENERATE_INFOPLIST_FILE = YES;
				INFOPLIST_KEY_UIApplicationSceneManifest_Generation = YES;
				INFOPLIST_KEY_UIApplicationSupportsIndirectInputEvents = YES;
				INFOPLIST_KEY_UILaunchScreen_Generation = YES;
				INFOPLIST_KEY_UISupportedInterfaceOrientations_iPad = "UIInterfaceOrientationPortrait UIInterfaceOrientationPortraitUpsideDown UIInterfaceOrientationLandscapeLeft UIInterfaceOrientationLandscapeRight";
				INFOPLIST_KEY_UISupportedInterfaceOrientations_iPhone = "UIInterfaceOrientationPortrait UIInterfaceOrientationLandscapeLeft UIInterfaceOrientationLandscapeRight";
				LD_RUNPATH_SEARCH_PATHS = (
					"$(inherited)",
					"@executable_path/Frameworks",
				);
				MARKETING_VERSION = 1.0;
				PRODUCT_BUNDLE_IDENTIFIER = aumetov.FitBB;
				PRODUCT_NAME = "$(TARGET_NAME)";
				SWIFT_EMIT_LOC_STRINGS = YES;
				SWIFT_VERSION = 5.0;
				TARGETED_DEVICE_FAMILY = "1,2";
			};
			name = Release;
		};
/* End XCBuildConfiguration section */

/* Begin XCConfigurationList section */
		D8DD8C3D28016F68004D3C69 /* Build configuration list for PBXProject "FitBB" */ = {
			isa = XCConfigurationList;
			buildConfigurations = (
				D8DD8C4E28016F6A004D3C69 /* Debug */,
				D8DD8C4F28016F6A004D3C69 /* Release */,
			);
			defaultConfigurationIsVisible = 0;
			defaultConfigurationName = Release;
		};
		D8DD8C5028016F6A004D3C69 /* Build configuration list for PBXNativeTarget "FitBB" */ = {
			isa = XCConfigurationList;
			buildConfigurations = (
				D8DD8C5128016F6A004D3C69 /* Debug */,
				D8DD8C5228016F6A004D3C69 /* Release */,
			);
			defaultConfigurationIsVisible = 0;
			defaultConfigurationName = Release;
		};
/* End XCConfigurationList section */

/* Begin XCRemoteSwiftPackageReference section */
		D82E68F02807093D00AFA077 /* XCRemoteSwiftPackageReference "firebase-ios-sdk" */ = {
			isa = XCRemoteSwiftPackageReference;
			repositoryURL = "https://github.com/firebase/firebase-ios-sdk";
			requirement = {
				kind = upToNextMajorVersion;
				minimumVersion = 8.0.0;
			};
		};
/* End XCRemoteSwiftPackageReference section */

/* Begin XCSwiftPackageProductDependency section */
		D82E68F12807093D00AFA077 /* FirebaseAnalytics */ = {
			isa = XCSwiftPackageProductDependency;
			package = D82E68F02807093D00AFA077 /* XCRemoteSwiftPackageReference "firebase-ios-sdk" */;
			productName = FirebaseAnalytics;
		};
		D82E68F32807093D00AFA077 /* FirebaseAuth */ = {
			isa = XCSwiftPackageProductDependency;
			package = D82E68F02807093D00AFA077 /* XCRemoteSwiftPackageReference "firebase-ios-sdk" */;
			productName = FirebaseAuth;
		};
		D82E68F52807093D00AFA077 /* FirebaseCrashlytics */ = {
			isa = XCSwiftPackageProductDependency;
			package = D82E68F02807093D00AFA077 /* XCRemoteSwiftPackageReference "firebase-ios-sdk" */;
			productName = FirebaseCrashlytics;
		};
		D82E68F72807093D00AFA077 /* FirebaseDatabase */ = {
			isa = XCSwiftPackageProductDependency;
			package = D82E68F02807093D00AFA077 /* XCRemoteSwiftPackageReference "firebase-ios-sdk" */;
			productName = FirebaseDatabase;
		};
		D82E68F92807093D00AFA077 /* FirebaseStorage */ = {
			isa = XCSwiftPackageProductDependency;
			package = D82E68F02807093D00AFA077 /* XCRemoteSwiftPackageReference "firebase-ios-sdk" */;
			productName = FirebaseStorage;
		};
/* End XCSwiftPackageProductDependency section */
	};
	rootObject = D8DD8C3A28016F68004D3C69 /* Project object */;
}
