// !$*UTF8*$!
{
	archiveVersion = 1;
	classes = {
	};
	objectVersion = 55;
	objects = {

/* Begin PBXBuildFile section */
		D80430E22805ACBC00146B64 /* Exercise.swift in Sources */ = {isa = PBXBuildFile; fileRef = D80430E12805ACBC00146B64 /* Exercise.swift */; };
		D80430E42805DF0500146B64 /* HeaderView.swift in Sources */ = {isa = PBXBuildFile; fileRef = D80430E32805DF0500146B64 /* HeaderView.swift */; };
		D80430E62805E5E000146B64 /* ExerciseDetailView.swift in Sources */ = {isa = PBXBuildFile; fileRef = D80430E52805E5E000146B64 /* ExerciseDetailView.swift */; };
		D82D4DDB2808513B00C15946 /* LoginService.swift in Sources */ = {isa = PBXBuildFile; fileRef = D82D4DDA2808513B00C15946 /* LoginService.swift */; };
		D82D4DDD2808525700C15946 /* LoginViewModel.swift in Sources */ = {isa = PBXBuildFile; fileRef = D82D4DDC2808525700C15946 /* LoginViewModel.swift */; };
		D82E60BA2802EF1D008CE10A /* ProfileView.swift in Sources */ = {isa = PBXBuildFile; fileRef = D82E60B92802EF1D008CE10A /* ProfileView.swift */; };
		D82E60C42802FA26008CE10A /* ExercisesView.swift in Sources */ = {isa = PBXBuildFile; fileRef = D82E60C32802FA26008CE10A /* ExercisesView.swift */; };
		D82E60C62802FAF1008CE10A /* FoodView.swift in Sources */ = {isa = PBXBuildFile; fileRef = D82E60C52802FAF1008CE10A /* FoodView.swift */; };
		D82E60C82802FAFF008CE10A /* HistoryView.swift in Sources */ = {isa = PBXBuildFile; fileRef = D82E60C72802FAFF008CE10A /* HistoryView.swift */; };
		D82E60CA2802FB0C008CE10A /* SuccessView.swift in Sources */ = {isa = PBXBuildFile; fileRef = D82E60C92802FB0C008CE10A /* SuccessView.swift */; };
		D82E68EE2807069F00AFA077 /* GoogleService-Info.plist in Resources */ = {isa = PBXBuildFile; fileRef = D82E68ED2807069F00AFA077 /* GoogleService-Info.plist */; };
		D82E68F22807093D00AFA077 /* FirebaseAnalytics in Frameworks */ = {isa = PBXBuildFile; productRef = D82E68F12807093D00AFA077 /* FirebaseAnalytics */; };
		D82E68F42807093D00AFA077 /* FirebaseAuth in Frameworks */ = {isa = PBXBuildFile; productRef = D82E68F32807093D00AFA077 /* FirebaseAuth */; };
		D82E68F62807093D00AFA077 /* FirebaseCrashlytics in Frameworks */ = {isa = PBXBuildFile; productRef = D82E68F52807093D00AFA077 /* FirebaseCrashlytics */; };
		D82E68F82807093D00AFA077 /* FirebaseDatabase in Frameworks */ = {isa = PBXBuildFile; productRef = D82E68F72807093D00AFA077 /* FirebaseDatabase */; };
		D82E68FA2807093D00AFA077 /* FirebaseStorage in Frameworks */ = {isa = PBXBuildFile; productRef = D82E68F92807093D00AFA077 /* FirebaseStorage */; };
		D82E68FE28070BAD00AFA077 /* RegistrationDetails.swift in Sources */ = {isa = PBXBuildFile; fileRef = D82E68FD28070BAD00AFA077 /* RegistrationDetails.swift */; };
		D82E6908280808E800AFA077 /* PagesView.swift in Sources */ = {isa = PBXBuildFile; fileRef = D82E6907280808E800AFA077 /* PagesView.swift */; };
		D82E690D2808247E00AFA077 /* RegistrationService.swift in Sources */ = {isa = PBXBuildFile; fileRef = D82E690C2808247E00AFA077 /* RegistrationService.swift */; };
		D82E691028082BFF00AFA077 /* RegistrationViewModel.swift in Sources */ = {isa = PBXBuildFile; fileRef = D82E690F28082BFF00AFA077 /* RegistrationViewModel.swift */; };
		D82E69182808458E00AFA077 /* SessionUserDetails.swift in Sources */ = {isa = PBXBuildFile; fileRef = D82E69172808458E00AFA077 /* SessionUserDetails.swift */; };
		D82E691A280845ED00AFA077 /* SessionService.swift in Sources */ = {isa = PBXBuildFile; fileRef = D82E6919280845ED00AFA077 /* SessionService.swift */; };
		D830C93E2816F1C3009AFB75 /* UpdateProfileViewModel.swift in Sources */ = {isa = PBXBuildFile; fileRef = D830C93D2816F1C3009AFB75 /* UpdateProfileViewModel.swift */; };
		D830C94528184067009AFB75 /* PasswordValidationViewExtension.swift in Sources */ = {isa = PBXBuildFile; fileRef = D830C94428184067009AFB75 /* PasswordValidationViewExtension.swift */; };
		D830C94728184092009AFB75 /* TextExtension.swift in Sources */ = {isa = PBXBuildFile; fileRef = D830C94628184092009AFB75 /* TextExtension.swift */; };
		D83528A82827DF9F00E6532C /* MedicalInfoView.swift in Sources */ = {isa = PBXBuildFile; fileRef = D83528A72827DF9F00E6532C /* MedicalInfoView.swift */; };
		D83528AC2827FBFF00E6532C /* PickerTextField.swift in Sources */ = {isa = PBXBuildFile; fileRef = D83528AB2827FBFF00E6532C /* PickerTextField.swift */; };
		D83528AE282800D900E6532C /* PickerField.swift in Sources */ = {isa = PBXBuildFile; fileRef = D83528AD282800D900E6532C /* PickerField.swift */; };
		D83528B0282A6EEA00E6532C /* MedicalInfoChatView.swift in Sources */ = {isa = PBXBuildFile; fileRef = D83528AF282A6EEA00E6532C /* MedicalInfoChatView.swift */; };
		D83528B2282A6F7700E6532C /* ContainerView.swift in Sources */ = {isa = PBXBuildFile; fileRef = D83528B1282A6F7700E6532C /* ContainerView.swift */; };
		D8406D22280EC6D500445272 /* RaisedButton.swift in Sources */ = {isa = PBXBuildFile; fileRef = D8406D21280EC6D500445272 /* RaisedButton.swift */; };
		D855F650282BB05E007CE32D /* CustomPickerView.swift in Sources */ = {isa = PBXBuildFile; fileRef = D855F64F282BB05E007CE32D /* CustomPickerView.swift */; };
		D855F652282BD24B007CE32D /* MedicalChatMessageViews.swift in Sources */ = {isa = PBXBuildFile; fileRef = D855F651282BD24B007CE32D /* MedicalChatMessageViews.swift */; };
		D86875A4281FF41F00A95616 /* VideoUrlService.swift in Sources */ = {isa = PBXBuildFile; fileRef = D86875A3281FF41F00A95616 /* VideoUrlService.swift */; };
		D86875A72821372D00A95616 /* FirebaseFirestore in Frameworks */ = {isa = PBXBuildFile; productRef = D86875A62821372D00A95616 /* FirebaseFirestore */; };
		D86875A928215F8A00A95616 /* GoogleSignInViewModel.swift in Sources */ = {isa = PBXBuildFile; fileRef = D86875A828215F8A00A95616 /* GoogleSignInViewModel.swift */; };
		D8731BD328268D8D006A60AC /* ColorSchemeUtilities.swift in Sources */ = {isa = PBXBuildFile; fileRef = D8731BD228268D8D006A60AC /* ColorSchemeUtilities.swift */; };
		D8731BD5282691B7006A60AC /* LinkAccountServise.swift in Sources */ = {isa = PBXBuildFile; fileRef = D8731BD4282691B7006A60AC /* LinkAccountServise.swift */; };
		D8731BD728269329006A60AC /* LinkAccoutViewModel.swift in Sources */ = {isa = PBXBuildFile; fileRef = D8731BD628269329006A60AC /* LinkAccoutViewModel.swift */; };
		D8731BD928269543006A60AC /* LinkAccountView.swift in Sources */ = {isa = PBXBuildFile; fileRef = D8731BD828269543006A60AC /* LinkAccountView.swift */; };
		D8796DD6280FEA12001567BB /* ProfileDetailView.swift in Sources */ = {isa = PBXBuildFile; fileRef = D8796DD5280FEA12001567BB /* ProfileDetailView.swift */; };
		D8796DDA280FED19001567BB /* DatePickerTextField.swift in Sources */ = {isa = PBXBuildFile; fileRef = D8796DD9280FED19001567BB /* DatePickerTextField.swift */; };
		D8796DDC28102DEC001567BB /* SignUpView.swift in Sources */ = {isa = PBXBuildFile; fileRef = D8796DDB28102DEC001567BB /* SignUpView.swift */; };
		D8796DDE28103096001567BB /* SignInView.swift in Sources */ = {isa = PBXBuildFile; fileRef = D8796DDD28103096001567BB /* SignInView.swift */; };
		D8796DE028103531001567BB /* ForgetPasswordView.swift in Sources */ = {isa = PBXBuildFile; fileRef = D8796DDF28103531001567BB /* ForgetPasswordView.swift */; };
		D8796DE22810368A001567BB /* SignInCombineView.swift in Sources */ = {isa = PBXBuildFile; fileRef = D8796DE12810368A001567BB /* SignInCombineView.swift */; };
		D8796DE42810379B001567BB /* SignView.swift in Sources */ = {isa = PBXBuildFile; fileRef = D8796DE32810379B001567BB /* SignView.swift */; };
		D87D0445282542EF0088B84F /* ProfileMenuView.swift in Sources */ = {isa = PBXBuildFile; fileRef = D87D0444282542EF0088B84F /* ProfileMenuView.swift */; };
		D8838633283B7853008782EC /* HomeView.swift in Sources */ = {isa = PBXBuildFile; fileRef = D8838632283B7853008782EC /* HomeView.swift */; };
		D8838636283B9B43008782EC /* HealthKit.framework in Frameworks */ = {isa = PBXBuildFile; fileRef = D8838635283B9B43008782EC /* HealthKit.framework */; };
		D8838638283BA301008782EC /* ImageLoader.swift in Sources */ = {isa = PBXBuildFile; fileRef = D8838637283BA301008782EC /* ImageLoader.swift */; };
		D883863A283BA362008782EC /* ImageCache.swift in Sources */ = {isa = PBXBuildFile; fileRef = D8838639283BA362008782EC /* ImageCache.swift */; };
		D883863F283CFB3E008782EC /* HealthStore.swift in Sources */ = {isa = PBXBuildFile; fileRef = D883863E283CFB3E008782EC /* HealthStore.swift */; };
		D88BBFA12826713300A4B92D /* ViewExtension.swift in Sources */ = {isa = PBXBuildFile; fileRef = D88BBFA02826713300A4B92D /* ViewExtension.swift */; };
		D88BBFA32826721300A4B92D /* CustomHalfSheetView.swift in Sources */ = {isa = PBXBuildFile; fileRef = D88BBFA22826721300A4B92D /* CustomHalfSheetView.swift */; };
		D8975655281169740075AD73 /* ImagePicker.swift in Sources */ = {isa = PBXBuildFile; fileRef = D8975654281169740075AD73 /* ImagePicker.swift */; };
		D8975657281175E00075AD73 /* EmbossedButton.swift in Sources */ = {isa = PBXBuildFile; fileRef = D8975656281175E00075AD73 /* EmbossedButton.swift */; };
		D897565A28117B8D0075AD73 /* ImageExtension.swift in Sources */ = {isa = PBXBuildFile; fileRef = D897565928117B8D0075AD73 /* ImageExtension.swift */; };
		D8A3D723282A78C50038A689 /* ChatBubbleShape.swift in Sources */ = {isa = PBXBuildFile; fileRef = D8A3D722282A78C50038A689 /* ChatBubbleShape.swift */; };
		D8A3D725282A7A770038A689 /* ChatBubbleView.swift in Sources */ = {isa = PBXBuildFile; fileRef = D8A3D724282A7A770038A689 /* ChatBubbleView.swift */; };
		D8A8A3C3282E6CAF00F55725 /* UpdateProfileService.swift in Sources */ = {isa = PBXBuildFile; fileRef = D8A8A3C2282E6CAF00F55725 /* UpdateProfileService.swift */; };
		D8A8A3C5282E6EDB00F55725 /* MedicalInfoService.swift in Sources */ = {isa = PBXBuildFile; fileRef = D8A8A3C4282E6EDB00F55725 /* MedicalInfoService.swift */; };
		D8A8A3C7282E6F1000F55725 /* MedicalDetails.swift in Sources */ = {isa = PBXBuildFile; fileRef = D8A8A3C6282E6F1000F55725 /* MedicalDetails.swift */; };
		D8A8A3C9282E70D100F55725 /* MedicalInfoViewModel.swift in Sources */ = {isa = PBXBuildFile; fileRef = D8A8A3C8282E70D100F55725 /* MedicalInfoViewModel.swift */; };
		D8A8A3CB282E729500F55725 /* SessionMedicalDetails.swift in Sources */ = {isa = PBXBuildFile; fileRef = D8A8A3CA282E729500F55725 /* SessionMedicalDetails.swift */; };
		D8A8A3CD282E739C00F55725 /* MedicalInfoCombineView.swift in Sources */ = {isa = PBXBuildFile; fileRef = D8A8A3CC282E739C00F55725 /* MedicalInfoCombineView.swift */; };
		D8A8A3F52833A2A600F55725 /* MedicalQuestionnaireText.swift in Sources */ = {isa = PBXBuildFile; fileRef = D8A8A3F42833A2A600F55725 /* MedicalQuestionnaireText.swift */; };
		D8AAF064281AD1B600D1A650 /* GoogleSignIn in Frameworks */ = {isa = PBXBuildFile; productRef = D8AAF063281AD1B600D1A650 /* GoogleSignIn */; };
		D8AAF06D281AE10D00D1A650 /* GoogleSignInServicec.swift in Sources */ = {isa = PBXBuildFile; fileRef = D8AAF06C281AE10D00D1A650 /* GoogleSignInServicec.swift */; };
		D8AAF071281D4AC700D1A650 /* ProfileImageService.swift in Sources */ = {isa = PBXBuildFile; fileRef = D8AAF070281D4AC700D1A650 /* ProfileImageService.swift */; };
		D8AAF073281D64E100D1A650 /* Constants.swift in Sources */ = {isa = PBXBuildFile; fileRef = D8AAF072281D64E100D1A650 /* Constants.swift */; };
		D8B8F9002834FBF100ED4B9A /* EmailPasswordLinkView.swift in Sources */ = {isa = PBXBuildFile; fileRef = D8B8F8FF2834FBF100ED4B9A /* EmailPasswordLinkView.swift */; };
		D8B8F9032835081200ED4B9A /* AnonymousAuthService.swift in Sources */ = {isa = PBXBuildFile; fileRef = D8B8F9022835081200ED4B9A /* AnonymousAuthService.swift */; };
		D8B8F9052835082200ED4B9A /* AnonymousAuthViewModel.swift in Sources */ = {isa = PBXBuildFile; fileRef = D8B8F9042835082200ED4B9A /* AnonymousAuthViewModel.swift */; };
		D8BC7B0328099F8200E56E81 /* ForgetPasswordService.swift in Sources */ = {isa = PBXBuildFile; fileRef = D8BC7B0228099F8200E56E81 /* ForgetPasswordService.swift */; };
		D8BC7B0528099FB200E56E81 /* ForgetPasswordViewModel.swift in Sources */ = {isa = PBXBuildFile; fileRef = D8BC7B0428099FB200E56E81 /* ForgetPasswordViewModel.swift */; };
		D8BFEBEE28098E910015171E /* LoginCredentials.swift in Sources */ = {isa = PBXBuildFile; fileRef = D8BFEBED28098E910015171E /* LoginCredentials.swift */; };
		D8DD8C4628016F68004D3C69 /* FitBBApp.swift in Sources */ = {isa = PBXBuildFile; fileRef = D8DD8C4528016F68004D3C69 /* FitBBApp.swift */; };
		D8DD8C4828016F68004D3C69 /* ContentView.swift in Sources */ = {isa = PBXBuildFile; fileRef = D8DD8C4728016F68004D3C69 /* ContentView.swift */; };
		D8DD8C4A28016F6A004D3C69 /* Assets.xcassets in Resources */ = {isa = PBXBuildFile; fileRef = D8DD8C4928016F6A004D3C69 /* Assets.xcassets */; };
		D8DD8C4D28016F6A004D3C69 /* Preview Assets.xcassets in Resources */ = {isa = PBXBuildFile; fileRef = D8DD8C4C28016F6A004D3C69 /* Preview Assets.xcassets */; };
/* End PBXBuildFile section */

/* Begin PBXFileReference section */
		D80430E12805ACBC00146B64 /* Exercise.swift */ = {isa = PBXFileReference; lastKnownFileType = sourcecode.swift; path = Exercise.swift; sourceTree = "<group>"; };
		D80430E32805DF0500146B64 /* HeaderView.swift */ = {isa = PBXFileReference; lastKnownFileType = sourcecode.swift; path = HeaderView.swift; sourceTree = "<group>"; };
		D80430E52805E5E000146B64 /* ExerciseDetailView.swift */ = {isa = PBXFileReference; lastKnownFileType = sourcecode.swift; path = ExerciseDetailView.swift; sourceTree = "<group>"; };
		D82D4DDA2808513B00C15946 /* LoginService.swift */ = {isa = PBXFileReference; lastKnownFileType = sourcecode.swift; path = LoginService.swift; sourceTree = "<group>"; };
		D82D4DDC2808525700C15946 /* LoginViewModel.swift */ = {isa = PBXFileReference; lastKnownFileType = sourcecode.swift; path = LoginViewModel.swift; sourceTree = "<group>"; };
		D82E60B92802EF1D008CE10A /* ProfileView.swift */ = {isa = PBXFileReference; lastKnownFileType = sourcecode.swift; path = ProfileView.swift; sourceTree = "<group>"; };
		D82E60C32802FA26008CE10A /* ExercisesView.swift */ = {isa = PBXFileReference; lastKnownFileType = sourcecode.swift; path = ExercisesView.swift; sourceTree = "<group>"; };
		D82E60C52802FAF1008CE10A /* FoodView.swift */ = {isa = PBXFileReference; lastKnownFileType = sourcecode.swift; path = FoodView.swift; sourceTree = "<group>"; };
		D82E60C72802FAFF008CE10A /* HistoryView.swift */ = {isa = PBXFileReference; lastKnownFileType = sourcecode.swift; path = HistoryView.swift; sourceTree = "<group>"; };
		D82E60C92802FB0C008CE10A /* SuccessView.swift */ = {isa = PBXFileReference; lastKnownFileType = sourcecode.swift; path = SuccessView.swift; sourceTree = "<group>"; };
		D82E68ED2807069F00AFA077 /* GoogleService-Info.plist */ = {isa = PBXFileReference; fileEncoding = 4; lastKnownFileType = text.plist.xml; name = "GoogleService-Info.plist"; path = "../../../GoogleService-Info.plist"; sourceTree = "<group>"; };
		D82E68FD28070BAD00AFA077 /* RegistrationDetails.swift */ = {isa = PBXFileReference; lastKnownFileType = sourcecode.swift; path = RegistrationDetails.swift; sourceTree = "<group>"; };
		D82E6907280808E800AFA077 /* PagesView.swift */ = {isa = PBXFileReference; lastKnownFileType = sourcecode.swift; path = PagesView.swift; sourceTree = "<group>"; };
		D82E690C2808247E00AFA077 /* RegistrationService.swift */ = {isa = PBXFileReference; lastKnownFileType = sourcecode.swift; path = RegistrationService.swift; sourceTree = "<group>"; };
		D82E690F28082BFF00AFA077 /* RegistrationViewModel.swift */ = {isa = PBXFileReference; lastKnownFileType = sourcecode.swift; path = RegistrationViewModel.swift; sourceTree = "<group>"; };
		D82E69172808458E00AFA077 /* SessionUserDetails.swift */ = {isa = PBXFileReference; lastKnownFileType = sourcecode.swift; path = SessionUserDetails.swift; sourceTree = "<group>"; };
		D82E6919280845ED00AFA077 /* SessionService.swift */ = {isa = PBXFileReference; lastKnownFileType = sourcecode.swift; path = SessionService.swift; sourceTree = "<group>"; };
		D830C93D2816F1C3009AFB75 /* UpdateProfileViewModel.swift */ = {isa = PBXFileReference; lastKnownFileType = sourcecode.swift; path = UpdateProfileViewModel.swift; sourceTree = "<group>"; };
		D830C94428184067009AFB75 /* PasswordValidationViewExtension.swift */ = {isa = PBXFileReference; lastKnownFileType = sourcecode.swift; path = PasswordValidationViewExtension.swift; sourceTree = "<group>"; };
		D830C94628184092009AFB75 /* TextExtension.swift */ = {isa = PBXFileReference; lastKnownFileType = sourcecode.swift; path = TextExtension.swift; sourceTree = "<group>"; };
		D83528A72827DF9F00E6532C /* MedicalInfoView.swift */ = {isa = PBXFileReference; lastKnownFileType = sourcecode.swift; path = MedicalInfoView.swift; sourceTree = "<group>"; };
		D83528AB2827FBFF00E6532C /* PickerTextField.swift */ = {isa = PBXFileReference; lastKnownFileType = sourcecode.swift; path = PickerTextField.swift; sourceTree = "<group>"; };
		D83528AD282800D900E6532C /* PickerField.swift */ = {isa = PBXFileReference; lastKnownFileType = sourcecode.swift; path = PickerField.swift; sourceTree = "<group>"; };
		D83528AF282A6EEA00E6532C /* MedicalInfoChatView.swift */ = {isa = PBXFileReference; lastKnownFileType = sourcecode.swift; path = MedicalInfoChatView.swift; sourceTree = "<group>"; };
		D83528B1282A6F7700E6532C /* ContainerView.swift */ = {isa = PBXFileReference; lastKnownFileType = sourcecode.swift; path = ContainerView.swift; sourceTree = "<group>"; };
		D8406D21280EC6D500445272 /* RaisedButton.swift */ = {isa = PBXFileReference; lastKnownFileType = sourcecode.swift; path = RaisedButton.swift; sourceTree = "<group>"; };
		D855F64F282BB05E007CE32D /* CustomPickerView.swift */ = {isa = PBXFileReference; lastKnownFileType = sourcecode.swift; path = CustomPickerView.swift; sourceTree = "<group>"; };
		D855F651282BD24B007CE32D /* MedicalChatMessageViews.swift */ = {isa = PBXFileReference; lastKnownFileType = sourcecode.swift; path = MedicalChatMessageViews.swift; sourceTree = "<group>"; };
		D86875A3281FF41F00A95616 /* VideoUrlService.swift */ = {isa = PBXFileReference; lastKnownFileType = sourcecode.swift; path = VideoUrlService.swift; sourceTree = "<group>"; };
		D86875A828215F8A00A95616 /* GoogleSignInViewModel.swift */ = {isa = PBXFileReference; lastKnownFileType = sourcecode.swift; path = GoogleSignInViewModel.swift; sourceTree = "<group>"; };
		D8731BD228268D8D006A60AC /* ColorSchemeUtilities.swift */ = {isa = PBXFileReference; lastKnownFileType = sourcecode.swift; path = ColorSchemeUtilities.swift; sourceTree = "<group>"; };
		D8731BD4282691B7006A60AC /* LinkAccountServise.swift */ = {isa = PBXFileReference; lastKnownFileType = sourcecode.swift; path = LinkAccountServise.swift; sourceTree = "<group>"; };
		D8731BD628269329006A60AC /* LinkAccoutViewModel.swift */ = {isa = PBXFileReference; lastKnownFileType = sourcecode.swift; path = LinkAccoutViewModel.swift; sourceTree = "<group>"; };
		D8731BD828269543006A60AC /* LinkAccountView.swift */ = {isa = PBXFileReference; lastKnownFileType = sourcecode.swift; path = LinkAccountView.swift; sourceTree = "<group>"; };
		D8796DD5280FEA12001567BB /* ProfileDetailView.swift */ = {isa = PBXFileReference; lastKnownFileType = sourcecode.swift; path = ProfileDetailView.swift; sourceTree = "<group>"; };
		D8796DD9280FED19001567BB /* DatePickerTextField.swift */ = {isa = PBXFileReference; lastKnownFileType = sourcecode.swift; path = DatePickerTextField.swift; sourceTree = "<group>"; };
		D8796DDB28102DEC001567BB /* SignUpView.swift */ = {isa = PBXFileReference; lastKnownFileType = sourcecode.swift; path = SignUpView.swift; sourceTree = "<group>"; };
		D8796DDD28103096001567BB /* SignInView.swift */ = {isa = PBXFileReference; lastKnownFileType = sourcecode.swift; path = SignInView.swift; sourceTree = "<group>"; };
		D8796DDF28103531001567BB /* ForgetPasswordView.swift */ = {isa = PBXFileReference; lastKnownFileType = sourcecode.swift; path = ForgetPasswordView.swift; sourceTree = "<group>"; };
		D8796DE12810368A001567BB /* SignInCombineView.swift */ = {isa = PBXFileReference; lastKnownFileType = sourcecode.swift; path = SignInCombineView.swift; sourceTree = "<group>"; };
		D8796DE32810379B001567BB /* SignView.swift */ = {isa = PBXFileReference; lastKnownFileType = sourcecode.swift; path = SignView.swift; sourceTree = "<group>"; };
		D87D0444282542EF0088B84F /* ProfileMenuView.swift */ = {isa = PBXFileReference; lastKnownFileType = sourcecode.swift; path = ProfileMenuView.swift; sourceTree = "<group>"; };
		D8838632283B7853008782EC /* HomeView.swift */ = {isa = PBXFileReference; lastKnownFileType = sourcecode.swift; path = HomeView.swift; sourceTree = "<group>"; };
		D8838634283B9B43008782EC /* FitBB.entitlements */ = {isa = PBXFileReference; lastKnownFileType = text.plist.entitlements; path = FitBB.entitlements; sourceTree = "<group>"; };
		D8838635283B9B43008782EC /* HealthKit.framework */ = {isa = PBXFileReference; lastKnownFileType = wrapper.framework; name = HealthKit.framework; path = System/Library/Frameworks/HealthKit.framework; sourceTree = SDKROOT; };
		D8838637283BA301008782EC /* ImageLoader.swift */ = {isa = PBXFileReference; lastKnownFileType = sourcecode.swift; path = ImageLoader.swift; sourceTree = "<group>"; };
		D8838639283BA362008782EC /* ImageCache.swift */ = {isa = PBXFileReference; lastKnownFileType = sourcecode.swift; path = ImageCache.swift; sourceTree = "<group>"; };
		D883863E283CFB3E008782EC /* HealthStore.swift */ = {isa = PBXFileReference; lastKnownFileType = sourcecode.swift; path = HealthStore.swift; sourceTree = "<group>"; };
		D88BBFA02826713300A4B92D /* ViewExtension.swift */ = {isa = PBXFileReference; lastKnownFileType = sourcecode.swift; path = ViewExtension.swift; sourceTree = "<group>"; };
		D88BBFA22826721300A4B92D /* CustomHalfSheetView.swift */ = {isa = PBXFileReference; lastKnownFileType = sourcecode.swift; path = CustomHalfSheetView.swift; sourceTree = "<group>"; };
		D8975654281169740075AD73 /* ImagePicker.swift */ = {isa = PBXFileReference; lastKnownFileType = sourcecode.swift; path = ImagePicker.swift; sourceTree = "<group>"; };
		D8975656281175E00075AD73 /* EmbossedButton.swift */ = {isa = PBXFileReference; lastKnownFileType = sourcecode.swift; path = EmbossedButton.swift; sourceTree = "<group>"; };
		D897565928117B8D0075AD73 /* ImageExtension.swift */ = {isa = PBXFileReference; lastKnownFileType = sourcecode.swift; path = ImageExtension.swift; sourceTree = "<group>"; };
		D8A3D722282A78C50038A689 /* ChatBubbleShape.swift */ = {isa = PBXFileReference; lastKnownFileType = sourcecode.swift; path = ChatBubbleShape.swift; sourceTree = "<group>"; };
		D8A3D724282A7A770038A689 /* ChatBubbleView.swift */ = {isa = PBXFileReference; lastKnownFileType = sourcecode.swift; path = ChatBubbleView.swift; sourceTree = "<group>"; };
		D8A8A3BF282E44EC00F55725 /* Info.plist */ = {isa = PBXFileReference; lastKnownFileType = text.plist; path = Info.plist; sourceTree = "<group>"; };
		D8A8A3C2282E6CAF00F55725 /* UpdateProfileService.swift */ = {isa = PBXFileReference; lastKnownFileType = sourcecode.swift; path = UpdateProfileService.swift; sourceTree = "<group>"; };
		D8A8A3C4282E6EDB00F55725 /* MedicalInfoService.swift */ = {isa = PBXFileReference; lastKnownFileType = sourcecode.swift; path = MedicalInfoService.swift; sourceTree = "<group>"; };
		D8A8A3C6282E6F1000F55725 /* MedicalDetails.swift */ = {isa = PBXFileReference; lastKnownFileType = sourcecode.swift; path = MedicalDetails.swift; sourceTree = "<group>"; };
		D8A8A3C8282E70D100F55725 /* MedicalInfoViewModel.swift */ = {isa = PBXFileReference; lastKnownFileType = sourcecode.swift; path = MedicalInfoViewModel.swift; sourceTree = "<group>"; };
		D8A8A3CA282E729500F55725 /* SessionMedicalDetails.swift */ = {isa = PBXFileReference; lastKnownFileType = sourcecode.swift; path = SessionMedicalDetails.swift; sourceTree = "<group>"; };
		D8A8A3CC282E739C00F55725 /* MedicalInfoCombineView.swift */ = {isa = PBXFileReference; lastKnownFileType = sourcecode.swift; path = MedicalInfoCombineView.swift; sourceTree = "<group>"; };
		D8A8A3F42833A2A600F55725 /* MedicalQuestionnaireText.swift */ = {isa = PBXFileReference; lastKnownFileType = sourcecode.swift; path = MedicalQuestionnaireText.swift; sourceTree = "<group>"; };
		D8AAF06C281AE10D00D1A650 /* GoogleSignInServicec.swift */ = {isa = PBXFileReference; lastKnownFileType = sourcecode.swift; path = GoogleSignInServicec.swift; sourceTree = "<group>"; };
		D8AAF070281D4AC700D1A650 /* ProfileImageService.swift */ = {isa = PBXFileReference; lastKnownFileType = sourcecode.swift; path = ProfileImageService.swift; sourceTree = "<group>"; };
		D8AAF072281D64E100D1A650 /* Constants.swift */ = {isa = PBXFileReference; lastKnownFileType = sourcecode.swift; path = Constants.swift; sourceTree = "<group>"; };
		D8B8F8FF2834FBF100ED4B9A /* EmailPasswordLinkView.swift */ = {isa = PBXFileReference; lastKnownFileType = sourcecode.swift; path = EmailPasswordLinkView.swift; sourceTree = "<group>"; };
		D8B8F9022835081200ED4B9A /* AnonymousAuthService.swift */ = {isa = PBXFileReference; lastKnownFileType = sourcecode.swift; path = AnonymousAuthService.swift; sourceTree = "<group>"; };
		D8B8F9042835082200ED4B9A /* AnonymousAuthViewModel.swift */ = {isa = PBXFileReference; lastKnownFileType = sourcecode.swift; path = AnonymousAuthViewModel.swift; sourceTree = "<group>"; };
		D8BC7B0228099F8200E56E81 /* ForgetPasswordService.swift */ = {isa = PBXFileReference; lastKnownFileType = sourcecode.swift; path = ForgetPasswordService.swift; sourceTree = "<group>"; };
		D8BC7B0428099FB200E56E81 /* ForgetPasswordViewModel.swift */ = {isa = PBXFileReference; lastKnownFileType = sourcecode.swift; path = ForgetPasswordViewModel.swift; sourceTree = "<group>"; };
		D8BFEBED28098E910015171E /* LoginCredentials.swift */ = {isa = PBXFileReference; lastKnownFileType = sourcecode.swift; path = LoginCredentials.swift; sourceTree = "<group>"; };
		D8DD8C4228016F68004D3C69 /* FitBB.app */ = {isa = PBXFileReference; explicitFileType = wrapper.application; includeInIndex = 0; path = FitBB.app; sourceTree = BUILT_PRODUCTS_DIR; };
		D8DD8C4528016F68004D3C69 /* FitBBApp.swift */ = {isa = PBXFileReference; lastKnownFileType = sourcecode.swift; path = FitBBApp.swift; sourceTree = "<group>"; };
		D8DD8C4728016F68004D3C69 /* ContentView.swift */ = {isa = PBXFileReference; lastKnownFileType = sourcecode.swift; path = ContentView.swift; sourceTree = "<group>"; };
		D8DD8C4928016F6A004D3C69 /* Assets.xcassets */ = {isa = PBXFileReference; lastKnownFileType = folder.assetcatalog; path = Assets.xcassets; sourceTree = "<group>"; };
		D8DD8C4C28016F6A004D3C69 /* Preview Assets.xcassets */ = {isa = PBXFileReference; lastKnownFileType = folder.assetcatalog; path = "Preview Assets.xcassets"; sourceTree = "<group>"; };
/* End PBXFileReference section */

/* Begin PBXFrameworksBuildPhase section */
		D8DD8C3F28016F68004D3C69 /* Frameworks */ = {
			isa = PBXFrameworksBuildPhase;
			buildActionMask = 2147483647;
			files = (
				D82E68F62807093D00AFA077 /* FirebaseCrashlytics in Frameworks */,
				D82E68F22807093D00AFA077 /* FirebaseAnalytics in Frameworks */,
				D82E68F82807093D00AFA077 /* FirebaseDatabase in Frameworks */,
				D82E68FA2807093D00AFA077 /* FirebaseStorage in Frameworks */,
				D82E68F42807093D00AFA077 /* FirebaseAuth in Frameworks */,
				D8838636283B9B43008782EC /* HealthKit.framework in Frameworks */,
				D8AAF064281AD1B600D1A650 /* GoogleSignIn in Frameworks */,
				D86875A72821372D00A95616 /* FirebaseFirestore in Frameworks */,
			);
			runOnlyForDeploymentPostprocessing = 0;
		};
/* End PBXFrameworksBuildPhase section */

/* Begin PBXGroup section */
		D82E60BB2802EFCC008CE10A /* Views */ = {
			isa = PBXGroup;
			children = (
				D8DD8C4728016F68004D3C69 /* ContentView.swift */,
				D82E6907280808E800AFA077 /* PagesView.swift */,
				D8796DE32810379B001567BB /* SignView.swift */,
				D8838632283B7853008782EC /* HomeView.swift */,
				D82E60C32802FA26008CE10A /* ExercisesView.swift */,
				D80430E52805E5E000146B64 /* ExerciseDetailView.swift */,
				D82E60C52802FAF1008CE10A /* FoodView.swift */,
				D82E60C72802FAFF008CE10A /* HistoryView.swift */,
				D82E60C92802FB0C008CE10A /* SuccessView.swift */,
				D80430E32805DF0500146B64 /* HeaderView.swift */,
				D83528B4282A746000E6532C /* ProfileView */,
				D83528B3282A744500E6532C /* CustomViews */,
			);
			path = Views;
			sourceTree = "<group>";
		};
		D82E60BE2802F011008CE10A /* Model */ = {
			isa = PBXGroup;
			children = (
				D80430E12805ACBC00146B64 /* Exercise.swift */,
			);
			path = Model;
			sourceTree = "<group>";
		};
		D82E690B2808246C00AFA077 /* Service */ = {
			isa = PBXGroup;
			children = (
				D86875A3281FF41F00A95616 /* VideoUrlService.swift */,
			);
			path = Service;
			sourceTree = "<group>";
		};
		D83528B3282A744500E6532C /* CustomViews */ = {
			isa = PBXGroup;
			children = (
				D8406D20280EC6C400445272 /* Button */,
				D8A8A3F328339EF800F55725 /* PickerTextField */,
				D88BBFA22826721300A4B92D /* CustomHalfSheetView.swift */,
				D8975654281169740075AD73 /* ImagePicker.swift */,
				D8796DD9280FED19001567BB /* DatePickerTextField.swift */,
				D855F64F282BB05E007CE32D /* CustomPickerView.swift */,
				D83528B1282A6F7700E6532C /* ContainerView.swift */,
			);
			path = CustomViews;
			sourceTree = "<group>";
		};
		D83528B4282A746000E6532C /* ProfileView */ = {
			isa = PBXGroup;
			children = (
				D82E60B92802EF1D008CE10A /* ProfileView.swift */,
				D87D0444282542EF0088B84F /* ProfileMenuView.swift */,
			);
			path = ProfileView;
			sourceTree = "<group>";
		};
		D8406D20280EC6C400445272 /* Button */ = {
			isa = PBXGroup;
			children = (
				D8406D21280EC6D500445272 /* RaisedButton.swift */,
				D8975656281175E00075AD73 /* EmbossedButton.swift */,
			);
			path = Button;
			sourceTree = "<group>";
		};
		D86875A52821372D00A95616 /* Frameworks */ = {
			isa = PBXGroup;
			children = (
				D8838635283B9B43008782EC /* HealthKit.framework */,
			);
			name = Frameworks;
			sourceTree = "<group>";
		};
		D883863D283CFB05008782EC /* Health */ = {
			isa = PBXGroup;
			children = (
				D883863E283CFB3E008782EC /* HealthStore.swift */,
			);
			path = Health;
			sourceTree = "<group>";
		};
		D897565828117B790075AD73 /* Extensions */ = {
			isa = PBXGroup;
			children = (
				D897565928117B8D0075AD73 /* ImageExtension.swift */,
				D830C94428184067009AFB75 /* PasswordValidationViewExtension.swift */,
				D830C94628184092009AFB75 /* TextExtension.swift */,
				D88BBFA02826713300A4B92D /* ViewExtension.swift */,
				D8731BD228268D8D006A60AC /* ColorSchemeUtilities.swift */,
				D8AAF072281D64E100D1A650 /* Constants.swift */,
				D8A8A3F42833A2A600F55725 /* MedicalQuestionnaireText.swift */,
			);
			path = Extensions;
			sourceTree = "<group>";
		};
		D8A8A3D2283399AD00F55725 /* Registration */ = {
			isa = PBXGroup;
			children = (
				D8A8A3D4283399C100F55725 /* Model */,
				D8A8A3D6283399D700F55725 /* Service */,
				D8A8A3D7283399DC00F55725 /* ViewModel */,
				D8A8A3D3283399B800F55725 /* Views */,
			);
			path = Registration;
			sourceTree = "<group>";
		};
		D8A8A3D3283399B800F55725 /* Views */ = {
			isa = PBXGroup;
			children = (
				D8796DDB28102DEC001567BB /* SignUpView.swift */,
			);
			path = Views;
			sourceTree = "<group>";
		};
		D8A8A3D4283399C100F55725 /* Model */ = {
			isa = PBXGroup;
			children = (
				D8A8A3C6282E6F1000F55725 /* MedicalDetails.swift */,
				D82E68FD28070BAD00AFA077 /* RegistrationDetails.swift */,
			);
			path = Model;
			sourceTree = "<group>";
		};
		D8A8A3D6283399D700F55725 /* Service */ = {
			isa = PBXGroup;
			children = (
				D82E690C2808247E00AFA077 /* RegistrationService.swift */,
			);
			path = Service;
			sourceTree = "<group>";
		};
		D8A8A3D7283399DC00F55725 /* ViewModel */ = {
			isa = PBXGroup;
			children = (
				D82E690F28082BFF00AFA077 /* RegistrationViewModel.swift */,
			);
			path = ViewModel;
			sourceTree = "<group>";
		};
		D8A8A3D828339A8100F55725 /* Login */ = {
			isa = PBXGroup;
			children = (
				D8B8F901283507F700ED4B9A /* AnonymousAuth */,
				D8A8A3D928339A8700F55725 /* PasswordAuth */,
				D8A8A3DA28339A9A00F55725 /* GoogleSignIn */,
			);
			path = Login;
			sourceTree = "<group>";
		};
		D8A8A3D928339A8700F55725 /* PasswordAuth */ = {
			isa = PBXGroup;
			children = (
				D8A8A3DE28339ADE00F55725 /* Model */,
				D8A8A3DD28339AD800F55725 /* Service */,
				D8A8A3DC28339AD100F55725 /* ViewModel */,
				D8A8A3DB28339AC900F55725 /* Views */,
			);
			path = PasswordAuth;
			sourceTree = "<group>";
		};
		D8A8A3DA28339A9A00F55725 /* GoogleSignIn */ = {
			isa = PBXGroup;
			children = (
				D8A8A3E028339C5900F55725 /* Service */,
				D8A8A3DF28339C5300F55725 /* ViewModel */,
			);
			path = GoogleSignIn;
			sourceTree = "<group>";
		};
		D8A8A3DB28339AC900F55725 /* Views */ = {
			isa = PBXGroup;
			children = (
				D8796DE12810368A001567BB /* SignInCombineView.swift */,
				D8796DDD28103096001567BB /* SignInView.swift */,
				D8796DDF28103531001567BB /* ForgetPasswordView.swift */,
			);
			path = Views;
			sourceTree = "<group>";
		};
		D8A8A3DC28339AD100F55725 /* ViewModel */ = {
			isa = PBXGroup;
			children = (
				D8BC7B0428099FB200E56E81 /* ForgetPasswordViewModel.swift */,
				D82D4DDC2808525700C15946 /* LoginViewModel.swift */,
			);
			path = ViewModel;
			sourceTree = "<group>";
		};
		D8A8A3DD28339AD800F55725 /* Service */ = {
			isa = PBXGroup;
			children = (
				D8BC7B0228099F8200E56E81 /* ForgetPasswordService.swift */,
				D82D4DDA2808513B00C15946 /* LoginService.swift */,
			);
			path = Service;
			sourceTree = "<group>";
		};
		D8A8A3DE28339ADE00F55725 /* Model */ = {
			isa = PBXGroup;
			children = (
				D8BFEBED28098E910015171E /* LoginCredentials.swift */,
			);
			path = Model;
			sourceTree = "<group>";
		};
		D8A8A3DF28339C5300F55725 /* ViewModel */ = {
			isa = PBXGroup;
			children = (
				D86875A828215F8A00A95616 /* GoogleSignInViewModel.swift */,
			);
			path = ViewModel;
			sourceTree = "<group>";
		};
		D8A8A3E028339C5900F55725 /* Service */ = {
			isa = PBXGroup;
			children = (
				D8AAF06C281AE10D00D1A650 /* GoogleSignInServicec.swift */,
			);
			path = Service;
			sourceTree = "<group>";
		};
		D8A8A3E128339C8900F55725 /* Session */ = {
			isa = PBXGroup;
			children = (
				D8A8A3E428339CA500F55725 /* Model */,
				D8A8A3E328339CA000F55725 /* Service */,
			);
			path = Session;
			sourceTree = "<group>";
		};
		D8A8A3E328339CA000F55725 /* Service */ = {
			isa = PBXGroup;
			children = (
				D82E6919280845ED00AFA077 /* SessionService.swift */,
				D8838637283BA301008782EC /* ImageLoader.swift */,
				D8838639283BA362008782EC /* ImageCache.swift */,
			);
			path = Service;
			sourceTree = "<group>";
		};
		D8A8A3E428339CA500F55725 /* Model */ = {
			isa = PBXGroup;
			children = (
				D82E69172808458E00AFA077 /* SessionUserDetails.swift */,
			);
			path = Model;
			sourceTree = "<group>";
		};
		D8A8A3E528339CE000F55725 /* LinkAccounts */ = {
			isa = PBXGroup;
			children = (
				D8A8A3E728339CF600F55725 /* Service */,
				D8A8A3E628339CF000F55725 /* ViewModel */,
				D8A8A3F128339E7900F55725 /* Views */,
			);
			path = LinkAccounts;
			sourceTree = "<group>";
		};
		D8A8A3E628339CF000F55725 /* ViewModel */ = {
			isa = PBXGroup;
			children = (
				D8731BD628269329006A60AC /* LinkAccoutViewModel.swift */,
			);
			path = ViewModel;
			sourceTree = "<group>";
		};
		D8A8A3E728339CF600F55725 /* Service */ = {
			isa = PBXGroup;
			children = (
				D8731BD4282691B7006A60AC /* LinkAccountServise.swift */,
			);
			path = Service;
			sourceTree = "<group>";
		};
		D8A8A3E828339D3200F55725 /* UpdateProfile */ = {
			isa = PBXGroup;
			children = (
				D8A8A3EB28339D4C00F55725 /* Service */,
				D8A8A3EA28339D4600F55725 /* ViewModel */,
				D8A8A3E928339D4100F55725 /* Views */,
			);
			path = UpdateProfile;
			sourceTree = "<group>";
		};
		D8A8A3E928339D4100F55725 /* Views */ = {
			isa = PBXGroup;
			children = (
				D8796DD5280FEA12001567BB /* ProfileDetailView.swift */,
			);
			path = Views;
			sourceTree = "<group>";
		};
		D8A8A3EA28339D4600F55725 /* ViewModel */ = {
			isa = PBXGroup;
			children = (
				D830C93D2816F1C3009AFB75 /* UpdateProfileViewModel.swift */,
			);
			path = ViewModel;
			sourceTree = "<group>";
		};
		D8A8A3EB28339D4C00F55725 /* Service */ = {
			isa = PBXGroup;
			children = (
				D8AAF070281D4AC700D1A650 /* ProfileImageService.swift */,
				D8A8A3C2282E6CAF00F55725 /* UpdateProfileService.swift */,
			);
			path = Service;
			sourceTree = "<group>";
		};
		D8A8A3EC28339DE100F55725 /* MedicalInfo */ = {
			isa = PBXGroup;
			children = (
				D8A8A3F028339E3200F55725 /* Model */,
				D8A8A3EF28339E1600F55725 /* Service */,
				D8A8A3EE28339E1100F55725 /* ViewModel */,
				D8A8A3ED28339E0B00F55725 /* Views */,
			);
			path = MedicalInfo;
			sourceTree = "<group>";
		};
		D8A8A3ED28339E0B00F55725 /* Views */ = {
			isa = PBXGroup;
			children = (
				D8A8A3CC282E739C00F55725 /* MedicalInfoCombineView.swift */,
				D83528A72827DF9F00E6532C /* MedicalInfoView.swift */,
				D83528AF282A6EEA00E6532C /* MedicalInfoChatView.swift */,
				D855F651282BD24B007CE32D /* MedicalChatMessageViews.swift */,
				D8A3D722282A78C50038A689 /* ChatBubbleShape.swift */,
				D8A3D724282A7A770038A689 /* ChatBubbleView.swift */,
			);
			path = Views;
			sourceTree = "<group>";
		};
		D8A8A3EE28339E1100F55725 /* ViewModel */ = {
			isa = PBXGroup;
			children = (
				D8A8A3C8282E70D100F55725 /* MedicalInfoViewModel.swift */,
			);
			path = ViewModel;
			sourceTree = "<group>";
		};
		D8A8A3EF28339E1600F55725 /* Service */ = {
			isa = PBXGroup;
			children = (
				D8A8A3C4282E6EDB00F55725 /* MedicalInfoService.swift */,
			);
			path = Service;
			sourceTree = "<group>";
		};
		D8A8A3F028339E3200F55725 /* Model */ = {
			isa = PBXGroup;
			children = (
				D8A8A3CA282E729500F55725 /* SessionMedicalDetails.swift */,
			);
			path = Model;
			sourceTree = "<group>";
		};
		D8A8A3F128339E7900F55725 /* Views */ = {
			isa = PBXGroup;
			children = (
				D8731BD828269543006A60AC /* LinkAccountView.swift */,
				D8B8F8FF2834FBF100ED4B9A /* EmailPasswordLinkView.swift */,
			);
			path = Views;
			sourceTree = "<group>";
		};
		D8A8A3F328339EF800F55725 /* PickerTextField */ = {
			isa = PBXGroup;
			children = (
				D83528AB2827FBFF00E6532C /* PickerTextField.swift */,
				D83528AD282800D900E6532C /* PickerField.swift */,
			);
			path = PickerTextField;
			sourceTree = "<group>";
		};
		D8B8F901283507F700ED4B9A /* AnonymousAuth */ = {
			isa = PBXGroup;
			children = (
				D8B8F90628350A0C00ED4B9A /* Service */,
				D8B8F90728350A1300ED4B9A /* ViewModel */,
			);
			path = AnonymousAuth;
			sourceTree = "<group>";
		};
		D8B8F90628350A0C00ED4B9A /* Service */ = {
			isa = PBXGroup;
			children = (
				D8B8F9022835081200ED4B9A /* AnonymousAuthService.swift */,
			);
			path = Service;
			sourceTree = "<group>";
		};
		D8B8F90728350A1300ED4B9A /* ViewModel */ = {
			isa = PBXGroup;
			children = (
				D8B8F9042835082200ED4B9A /* AnonymousAuthViewModel.swift */,
			);
			path = ViewModel;
			sourceTree = "<group>";
		};
		D8DD8C3928016F68004D3C69 = {
			isa = PBXGroup;
			children = (
				D8DD8C4428016F68004D3C69 /* FitBB */,
				D8DD8C4328016F68004D3C69 /* Products */,
				D86875A52821372D00A95616 /* Frameworks */,
			);
			sourceTree = "<group>";
		};
		D8DD8C4328016F68004D3C69 /* Products */ = {
			isa = PBXGroup;
			children = (
				D8DD8C4228016F68004D3C69 /* FitBB.app */,
			);
			name = Products;
			sourceTree = "<group>";
		};
		D8DD8C4428016F68004D3C69 /* FitBB */ = {
			isa = PBXGroup;
			children = (
				D8838634283B9B43008782EC /* FitBB.entitlements */,
				D8A8A3BF282E44EC00F55725 /* Info.plist */,
				D8DD8C4528016F68004D3C69 /* FitBBApp.swift */,
				D82E60BB2802EFCC008CE10A /* Views */,
				D883863D283CFB05008782EC /* Health */,
				D8A8A3D2283399AD00F55725 /* Registration */,
				D8A8A3D828339A8100F55725 /* Login */,
				D8A8A3E128339C8900F55725 /* Session */,
				D8A8A3E828339D3200F55725 /* UpdateProfile */,
				D8A8A3E528339CE000F55725 /* LinkAccounts */,
				D8A8A3EC28339DE100F55725 /* MedicalInfo */,
				D82E60BE2802F011008CE10A /* Model */,
				D82E690B2808246C00AFA077 /* Service */,
				D897565828117B790075AD73 /* Extensions */,
				D8DD8C4928016F6A004D3C69 /* Assets.xcassets */,
				D8DD8C4B28016F6A004D3C69 /* Preview Content */,
			);
			path = FitBB;
			sourceTree = "<group>";
		};
		D8DD8C4B28016F6A004D3C69 /* Preview Content */ = {
			isa = PBXGroup;
			children = (
				D82E68ED2807069F00AFA077 /* GoogleService-Info.plist */,
				D8DD8C4C28016F6A004D3C69 /* Preview Assets.xcassets */,
			);
			path = "Preview Content";
			sourceTree = "<group>";
		};
/* End PBXGroup section */

/* Begin PBXNativeTarget section */
		D8DD8C4128016F68004D3C69 /* FitBB */ = {
			isa = PBXNativeTarget;
			buildConfigurationList = D8DD8C5028016F6A004D3C69 /* Build configuration list for PBXNativeTarget "FitBB" */;
			buildPhases = (
				D8DD8C3E28016F68004D3C69 /* Sources */,
				D8DD8C3F28016F68004D3C69 /* Frameworks */,
				D8DD8C4028016F68004D3C69 /* Resources */,
			);
			buildRules = (
			);
			dependencies = (
			);
			name = FitBB;
			packageProductDependencies = (
				D82E68F12807093D00AFA077 /* FirebaseAnalytics */,
				D82E68F32807093D00AFA077 /* FirebaseAuth */,
				D82E68F52807093D00AFA077 /* FirebaseCrashlytics */,
				D82E68F72807093D00AFA077 /* FirebaseDatabase */,
				D82E68F92807093D00AFA077 /* FirebaseStorage */,
				D8AAF063281AD1B600D1A650 /* GoogleSignIn */,
				D86875A62821372D00A95616 /* FirebaseFirestore */,
			);
			productName = FitBB;
			productReference = D8DD8C4228016F68004D3C69 /* FitBB.app */;
			productType = "com.apple.product-type.application";
		};
/* End PBXNativeTarget section */

/* Begin PBXProject section */
		D8DD8C3A28016F68004D3C69 /* Project object */ = {
			isa = PBXProject;
			attributes = {
				BuildIndependentTargetsInParallel = 1;
				LastSwiftUpdateCheck = 1330;
				LastUpgradeCheck = 1330;
				TargetAttributes = {
					D8DD8C4128016F68004D3C69 = {
						CreatedOnToolsVersion = 13.3;
					};
				};
			};
			buildConfigurationList = D8DD8C3D28016F68004D3C69 /* Build configuration list for PBXProject "FitBB" */;
			compatibilityVersion = "Xcode 13.0";
			developmentRegion = en;
			hasScannedForEncodings = 0;
			knownRegions = (
				en,
				Base,
			);
			mainGroup = D8DD8C3928016F68004D3C69;
			packageReferences = (
				D82E68F02807093D00AFA077 /* XCRemoteSwiftPackageReference "firebase-ios-sdk" */,
				D8AAF062281AD1B600D1A650 /* XCRemoteSwiftPackageReference "GoogleSignIn-iOS" */,
			);
			productRefGroup = D8DD8C4328016F68004D3C69 /* Products */;
			projectDirPath = "";
			projectRoot = "";
			targets = (
				D8DD8C4128016F68004D3C69 /* FitBB */,
			);
		};
/* End PBXProject section */

/* Begin PBXResourcesBuildPhase section */
		D8DD8C4028016F68004D3C69 /* Resources */ = {
			isa = PBXResourcesBuildPhase;
			buildActionMask = 2147483647;
			files = (
				D8DD8C4D28016F6A004D3C69 /* Preview Assets.xcassets in Resources */,
				D8DD8C4A28016F6A004D3C69 /* Assets.xcassets in Resources */,
				D82E68EE2807069F00AFA077 /* GoogleService-Info.plist in Resources */,
			);
			runOnlyForDeploymentPostprocessing = 0;
		};
/* End PBXResourcesBuildPhase section */

/* Begin PBXSourcesBuildPhase section */
		D8DD8C3E28016F68004D3C69 /* Sources */ = {
			isa = PBXSourcesBuildPhase;
			buildActionMask = 2147483647;
			files = (
				D8BC7B0328099F8200E56E81 /* ForgetPasswordService.swift in Sources */,
				D8DD8C4828016F68004D3C69 /* ContentView.swift in Sources */,
				D80430E62805E5E000146B64 /* ExerciseDetailView.swift in Sources */,
				D8731BD5282691B7006A60AC /* LinkAccountServise.swift in Sources */,
				D86875A928215F8A00A95616 /* GoogleSignInViewModel.swift in Sources */,
				D83528AC2827FBFF00E6532C /* PickerTextField.swift in Sources */,
				D8A8A3C9282E70D100F55725 /* MedicalInfoViewModel.swift in Sources */,
				D80430E42805DF0500146B64 /* HeaderView.swift in Sources */,
				D8A8A3C5282E6EDB00F55725 /* MedicalInfoService.swift in Sources */,
				D8796DE22810368A001567BB /* SignInCombineView.swift in Sources */,
				D8731BD728269329006A60AC /* LinkAccoutViewModel.swift in Sources */,
				D8AAF073281D64E100D1A650 /* Constants.swift in Sources */,
				D82E60CA2802FB0C008CE10A /* SuccessView.swift in Sources */,
				D8A8A3C3282E6CAF00F55725 /* UpdateProfileService.swift in Sources */,
				D8A8A3CD282E739C00F55725 /* MedicalInfoCombineView.swift in Sources */,
				D883863A283BA362008782EC /* ImageCache.swift in Sources */,
				D82E691028082BFF00AFA077 /* RegistrationViewModel.swift in Sources */,
				D8796DD6280FEA12001567BB /* ProfileDetailView.swift in Sources */,
				D88BBFA32826721300A4B92D /* CustomHalfSheetView.swift in Sources */,
				D8A3D725282A7A770038A689 /* ChatBubbleView.swift in Sources */,
				D82E60BA2802EF1D008CE10A /* ProfileView.swift in Sources */,
				D8BFEBEE28098E910015171E /* LoginCredentials.swift in Sources */,
				D82D4DDD2808525700C15946 /* LoginViewModel.swift in Sources */,
				D8AAF071281D4AC700D1A650 /* ProfileImageService.swift in Sources */,
				D8796DE028103531001567BB /* ForgetPasswordView.swift in Sources */,
				D8406D22280EC6D500445272 /* RaisedButton.swift in Sources */,
				D855F650282BB05E007CE32D /* CustomPickerView.swift in Sources */,
				D8B8F9002834FBF100ED4B9A /* EmailPasswordLinkView.swift in Sources */,
				D83528B2282A6F7700E6532C /* ContainerView.swift in Sources */,
				D82E60C62802FAF1008CE10A /* FoodView.swift in Sources */,
				D87D0445282542EF0088B84F /* ProfileMenuView.swift in Sources */,
				D83528B0282A6EEA00E6532C /* MedicalInfoChatView.swift in Sources */,
				D8731BD328268D8D006A60AC /* ColorSchemeUtilities.swift in Sources */,
				D8DD8C4628016F68004D3C69 /* FitBBApp.swift in Sources */,
				D88BBFA12826713300A4B92D /* ViewExtension.swift in Sources */,
				D8838633283B7853008782EC /* HomeView.swift in Sources */,
				D82E6908280808E800AFA077 /* PagesView.swift in Sources */,
				D83528AE282800D900E6532C /* PickerField.swift in Sources */,
				D8AAF06D281AE10D00D1A650 /* GoogleSignInServicec.swift in Sources */,
				D86875A4281FF41F00A95616 /* VideoUrlService.swift in Sources */,
				D82E691A280845ED00AFA077 /* SessionService.swift in Sources */,
				D883863F283CFB3E008782EC /* HealthStore.swift in Sources */,
				D8A8A3C7282E6F1000F55725 /* MedicalDetails.swift in Sources */,
				D82E68FE28070BAD00AFA077 /* RegistrationDetails.swift in Sources */,
				D8796DDE28103096001567BB /* SignInView.swift in Sources */,
				D8796DE42810379B001567BB /* SignView.swift in Sources */,
				D8A3D723282A78C50038A689 /* ChatBubbleShape.swift in Sources */,
				D82E60C42802FA26008CE10A /* ExercisesView.swift in Sources */,
				D82E690D2808247E00AFA077 /* RegistrationService.swift in Sources */,
				D82E60C82802FAFF008CE10A /* HistoryView.swift in Sources */,
				D8A8A3CB282E729500F55725 /* SessionMedicalDetails.swift in Sources */,
				D8975655281169740075AD73 /* ImagePicker.swift in Sources */,
				D8796DDA280FED19001567BB /* DatePickerTextField.swift in Sources */,
				D82E69182808458E00AFA077 /* SessionUserDetails.swift in Sources */,
				D8BC7B0528099FB200E56E81 /* ForgetPasswordViewModel.swift in Sources */,
				D8B8F9052835082200ED4B9A /* AnonymousAuthViewModel.swift in Sources */,
				D8731BD928269543006A60AC /* LinkAccountView.swift in Sources */,
				D8A8A3F52833A2A600F55725 /* MedicalQuestionnaireText.swift in Sources */,
				D82D4DDB2808513B00C15946 /* LoginService.swift in Sources */,
				D855F652282BD24B007CE32D /* MedicalChatMessageViews.swift in Sources */,
				D830C94728184092009AFB75 /* TextExtension.swift in Sources */,
				D830C94528184067009AFB75 /* PasswordValidationViewExtension.swift in Sources */,
				D8796DDC28102DEC001567BB /* SignUpView.swift in Sources */,
				D830C93E2816F1C3009AFB75 /* UpdateProfileViewModel.swift in Sources */,
				D8838638283BA301008782EC /* ImageLoader.swift in Sources */,
				D83528A82827DF9F00E6532C /* MedicalInfoView.swift in Sources */,
				D8B8F9032835081200ED4B9A /* AnonymousAuthService.swift in Sources */,
				D8975657281175E00075AD73 /* EmbossedButton.swift in Sources */,
				D897565A28117B8D0075AD73 /* ImageExtension.swift in Sources */,
				D80430E22805ACBC00146B64 /* Exercise.swift in Sources */,
			);
			runOnlyForDeploymentPostprocessing = 0;
		};
/* End PBXSourcesBuildPhase section */

/* Begin XCBuildConfiguration section */
		D8DD8C4E28016F6A004D3C69 /* Debug */ = {
			isa = XCBuildConfiguration;
			buildSettings = {
				ALWAYS_SEARCH_USER_PATHS = NO;
				CLANG_ANALYZER_NONNULL = YES;
				CLANG_ANALYZER_NUMBER_OBJECT_CONVERSION = YES_AGGRESSIVE;
				CLANG_CXX_LANGUAGE_STANDARD = "gnu++17";
				CLANG_ENABLE_MODULES = YES;
				CLANG_ENABLE_OBJC_ARC = YES;
				CLANG_ENABLE_OBJC_WEAK = YES;
				CLANG_WARN_BLOCK_CAPTURE_AUTORELEASING = YES;
				CLANG_WARN_BOOL_CONVERSION = YES;
				CLANG_WARN_COMMA = YES;
				CLANG_WARN_CONSTANT_CONVERSION = YES;
				CLANG_WARN_DEPRECATED_OBJC_IMPLEMENTATIONS = YES;
				CLANG_WARN_DIRECT_OBJC_ISA_USAGE = YES_ERROR;
				CLANG_WARN_DOCUMENTATION_COMMENTS = YES;
				CLANG_WARN_EMPTY_BODY = YES;
				CLANG_WARN_ENUM_CONVERSION = YES;
				CLANG_WARN_INFINITE_RECURSION = YES;
				CLANG_WARN_INT_CONVERSION = YES;
				CLANG_WARN_NON_LITERAL_NULL_CONVERSION = YES;
				CLANG_WARN_OBJC_IMPLICIT_RETAIN_SELF = YES;
				CLANG_WARN_OBJC_LITERAL_CONVERSION = YES;
				CLANG_WARN_OBJC_ROOT_CLASS = YES_ERROR;
				CLANG_WARN_QUOTED_INCLUDE_IN_FRAMEWORK_HEADER = YES;
				CLANG_WARN_RANGE_LOOP_ANALYSIS = YES;
				CLANG_WARN_STRICT_PROTOTYPES = YES;
				CLANG_WARN_SUSPICIOUS_MOVE = YES;
				CLANG_WARN_UNGUARDED_AVAILABILITY = YES_AGGRESSIVE;
				CLANG_WARN_UNREACHABLE_CODE = YES;
				CLANG_WARN__DUPLICATE_METHOD_MATCH = YES;
				COPY_PHASE_STRIP = NO;
				DEBUG_INFORMATION_FORMAT = dwarf;
				ENABLE_STRICT_OBJC_MSGSEND = YES;
				ENABLE_TESTABILITY = YES;
				GCC_C_LANGUAGE_STANDARD = gnu11;
				GCC_DYNAMIC_NO_PIC = NO;
				GCC_NO_COMMON_BLOCKS = YES;
				GCC_OPTIMIZATION_LEVEL = 0;
				GCC_PREPROCESSOR_DEFINITIONS = (
					"DEBUG=1",
					"$(inherited)",
				);
				GCC_WARN_64_TO_32_BIT_CONVERSION = YES;
				GCC_WARN_ABOUT_RETURN_TYPE = YES_ERROR;
				GCC_WARN_UNDECLARED_SELECTOR = YES;
				GCC_WARN_UNINITIALIZED_AUTOS = YES_AGGRESSIVE;
				GCC_WARN_UNUSED_FUNCTION = YES;
				GCC_WARN_UNUSED_VARIABLE = YES;
				IPHONEOS_DEPLOYMENT_TARGET = 15.4;
				MTL_ENABLE_DEBUG_INFO = INCLUDE_SOURCE;
				MTL_FAST_MATH = YES;
				ONLY_ACTIVE_ARCH = YES;
				SDKROOT = iphoneos;
				SWIFT_ACTIVE_COMPILATION_CONDITIONS = DEBUG;
				SWIFT_OPTIMIZATION_LEVEL = "-Onone";
			};
			name = Debug;
		};
		D8DD8C4F28016F6A004D3C69 /* Release */ = {
			isa = XCBuildConfiguration;
			buildSettings = {
				ALWAYS_SEARCH_USER_PATHS = NO;
				CLANG_ANALYZER_NONNULL = YES;
				CLANG_ANALYZER_NUMBER_OBJECT_CONVERSION = YES_AGGRESSIVE;
				CLANG_CXX_LANGUAGE_STANDARD = "gnu++17";
				CLANG_ENABLE_MODULES = YES;
				CLANG_ENABLE_OBJC_ARC = YES;
				CLANG_ENABLE_OBJC_WEAK = YES;
				CLANG_WARN_BLOCK_CAPTURE_AUTORELEASING = YES;
				CLANG_WARN_BOOL_CONVERSION = YES;
				CLANG_WARN_COMMA = YES;
				CLANG_WARN_CONSTANT_CONVERSION = YES;
				CLANG_WARN_DEPRECATED_OBJC_IMPLEMENTATIONS = YES;
				CLANG_WARN_DIRECT_OBJC_ISA_USAGE = YES_ERROR;
				CLANG_WARN_DOCUMENTATION_COMMENTS = YES;
				CLANG_WARN_EMPTY_BODY = YES;
				CLANG_WARN_ENUM_CONVERSION = YES;
				CLANG_WARN_INFINITE_RECURSION = YES;
				CLANG_WARN_INT_CONVERSION = YES;
				CLANG_WARN_NON_LITERAL_NULL_CONVERSION = YES;
				CLANG_WARN_OBJC_IMPLICIT_RETAIN_SELF = YES;
				CLANG_WARN_OBJC_LITERAL_CONVERSION = YES;
				CLANG_WARN_OBJC_ROOT_CLASS = YES_ERROR;
				CLANG_WARN_QUOTED_INCLUDE_IN_FRAMEWORK_HEADER = YES;
				CLANG_WARN_RANGE_LOOP_ANALYSIS = YES;
				CLANG_WARN_STRICT_PROTOTYPES = YES;
				CLANG_WARN_SUSPICIOUS_MOVE = YES;
				CLANG_WARN_UNGUARDED_AVAILABILITY = YES_AGGRESSIVE;
				CLANG_WARN_UNREACHABLE_CODE = YES;
				CLANG_WARN__DUPLICATE_METHOD_MATCH = YES;
				COPY_PHASE_STRIP = NO;
				DEBUG_INFORMATION_FORMAT = "dwarf-with-dsym";
				ENABLE_NS_ASSERTIONS = NO;
				ENABLE_STRICT_OBJC_MSGSEND = YES;
				GCC_C_LANGUAGE_STANDARD = gnu11;
				GCC_NO_COMMON_BLOCKS = YES;
				GCC_WARN_64_TO_32_BIT_CONVERSION = YES;
				GCC_WARN_ABOUT_RETURN_TYPE = YES_ERROR;
				GCC_WARN_UNDECLARED_SELECTOR = YES;
				GCC_WARN_UNINITIALIZED_AUTOS = YES_AGGRESSIVE;
				GCC_WARN_UNUSED_FUNCTION = YES;
				GCC_WARN_UNUSED_VARIABLE = YES;
				IPHONEOS_DEPLOYMENT_TARGET = 15.4;
				MTL_ENABLE_DEBUG_INFO = NO;
				MTL_FAST_MATH = YES;
				SDKROOT = iphoneos;
				SWIFT_COMPILATION_MODE = wholemodule;
				SWIFT_OPTIMIZATION_LEVEL = "-O";
				VALIDATE_PRODUCT = YES;
			};
			name = Release;
		};
		D8DD8C5128016F6A004D3C69 /* Debug */ = {
			isa = XCBuildConfiguration;
			buildSettings = {
				ASSETCATALOG_COMPILER_APPICON_NAME = AppIcon;
				ASSETCATALOG_COMPILER_GLOBAL_ACCENT_COLOR_NAME = AccentColor;
				CODE_SIGN_ENTITLEMENTS = FitBB/FitBB.entitlements;
				CODE_SIGN_IDENTITY = "Apple Development";
				CODE_SIGN_STYLE = Automatic;
				CURRENT_PROJECT_VERSION = 1;
				DEVELOPMENT_ASSET_PATHS = "\"FitBB/Preview Content\"";
				DEVELOPMENT_TEAM = W8E6UD5535;
				ENABLE_PREVIEWS = YES;
				GENERATE_INFOPLIST_FILE = YES;
				INFOPLIST_FILE = FitBB/Info.plist;
				INFOPLIST_KEY_NSHealthClinicalHealthRecordsShareUsageDescription = "Your health record will be used for correct workout program";
				INFOPLIST_KEY_UIApplicationSceneManifest_Generation = YES;
				INFOPLIST_KEY_UIApplicationSupportsIndirectInputEvents = YES;
				INFOPLIST_KEY_UILaunchScreen_Generation = YES;
				INFOPLIST_KEY_UISupportedInterfaceOrientations_iPad = "UIInterfaceOrientationPortrait UIInterfaceOrientationPortraitUpsideDown UIInterfaceOrientationLandscapeLeft UIInterfaceOrientationLandscapeRight";
				INFOPLIST_KEY_UISupportedInterfaceOrientations_iPhone = "UIInterfaceOrientationPortrait UIInterfaceOrientationLandscapeLeft UIInterfaceOrientationLandscapeRight";
				LD_RUNPATH_SEARCH_PATHS = (
					"$(inherited)",
					"@executable_path/Frameworks",
				);
				MARKETING_VERSION = 1.0;
				PRODUCT_BUNDLE_IDENTIFIER = aumetov.FitBB;
				PRODUCT_NAME = "$(TARGET_NAME)";
				PROVISIONING_PROFILE_SPECIFIER = "";
				SWIFT_EMIT_LOC_STRINGS = YES;
				SWIFT_VERSION = 5.0;
				TARGETED_DEVICE_FAMILY = "1,2";
			};
			name = Debug;
		};
		D8DD8C5228016F6A004D3C69 /* Release */ = {
			isa = XCBuildConfiguration;
			buildSettings = {
				ASSETCATALOG_COMPILER_APPICON_NAME = AppIcon;
				ASSETCATALOG_COMPILER_GLOBAL_ACCENT_COLOR_NAME = AccentColor;
				CODE_SIGN_ENTITLEMENTS = FitBB/FitBB.entitlements;
				CODE_SIGN_IDENTITY = "Apple Development";
				CODE_SIGN_STYLE = Automatic;
				CURRENT_PROJECT_VERSION = 1;
				DEVELOPMENT_ASSET_PATHS = "\"FitBB/Preview Content\"";
				DEVELOPMENT_TEAM = W8E6UD5535;
				ENABLE_PREVIEWS = YES;
				GENERATE_INFOPLIST_FILE = YES;
				INFOPLIST_FILE = FitBB/Info.plist;
				INFOPLIST_KEY_NSHealthClinicalHealthRecordsShareUsageDescription = "Your health record will be used for correct workout program";
				INFOPLIST_KEY_UIApplicationSceneManifest_Generation = YES;
				INFOPLIST_KEY_UIApplicationSupportsIndirectInputEvents = YES;
				INFOPLIST_KEY_UILaunchScreen_Generation = YES;
				INFOPLIST_KEY_UISupportedInterfaceOrientations_iPad = "UIInterfaceOrientationPortrait UIInterfaceOrientationPortraitUpsideDown UIInterfaceOrientationLandscapeLeft UIInterfaceOrientationLandscapeRight";
				INFOPLIST_KEY_UISupportedInterfaceOrientations_iPhone = "UIInterfaceOrientationPortrait UIInterfaceOrientationLandscapeLeft UIInterfaceOrientationLandscapeRight";
				LD_RUNPATH_SEARCH_PATHS = (
					"$(inherited)",
					"@executable_path/Frameworks",
				);
				MARKETING_VERSION = 1.0;
				PRODUCT_BUNDLE_IDENTIFIER = aumetov.FitBB;
				PRODUCT_NAME = "$(TARGET_NAME)";
				PROVISIONING_PROFILE_SPECIFIER = "";
				SWIFT_EMIT_LOC_STRINGS = YES;
				SWIFT_VERSION = 5.0;
				TARGETED_DEVICE_FAMILY = "1,2";
			};
			name = Release;
		};
/* End XCBuildConfiguration section */

/* Begin XCConfigurationList section */
		D8DD8C3D28016F68004D3C69 /* Build configuration list for PBXProject "FitBB" */ = {
			isa = XCConfigurationList;
			buildConfigurations = (
				D8DD8C4E28016F6A004D3C69 /* Debug */,
				D8DD8C4F28016F6A004D3C69 /* Release */,
			);
			defaultConfigurationIsVisible = 0;
			defaultConfigurationName = Release;
		};
		D8DD8C5028016F6A004D3C69 /* Build configuration list for PBXNativeTarget "FitBB" */ = {
			isa = XCConfigurationList;
			buildConfigurations = (
				D8DD8C5128016F6A004D3C69 /* Debug */,
				D8DD8C5228016F6A004D3C69 /* Release */,
			);
			defaultConfigurationIsVisible = 0;
			defaultConfigurationName = Release;
		};
/* End XCConfigurationList section */

/* Begin XCRemoteSwiftPackageReference section */
		D82E68F02807093D00AFA077 /* XCRemoteSwiftPackageReference "firebase-ios-sdk" */ = {
			isa = XCRemoteSwiftPackageReference;
			repositoryURL = "https://github.com/firebase/firebase-ios-sdk";
			requirement = {
				kind = upToNextMajorVersion;
				minimumVersion = 8.0.0;
			};
		};
		D8AAF062281AD1B600D1A650 /* XCRemoteSwiftPackageReference "GoogleSignIn-iOS" */ = {
			isa = XCRemoteSwiftPackageReference;
			repositoryURL = "https://github.com/google/GoogleSignIn-iOS";
			requirement = {
				kind = upToNextMajorVersion;
				minimumVersion = 6.0.0;
			};
		};
/* End XCRemoteSwiftPackageReference section */

/* Begin XCSwiftPackageProductDependency section */
		D82E68F12807093D00AFA077 /* FirebaseAnalytics */ = {
			isa = XCSwiftPackageProductDependency;
			package = D82E68F02807093D00AFA077 /* XCRemoteSwiftPackageReference "firebase-ios-sdk" */;
			productName = FirebaseAnalytics;
		};
		D82E68F32807093D00AFA077 /* FirebaseAuth */ = {
			isa = XCSwiftPackageProductDependency;
			package = D82E68F02807093D00AFA077 /* XCRemoteSwiftPackageReference "firebase-ios-sdk" */;
			productName = FirebaseAuth;
		};
		D82E68F52807093D00AFA077 /* FirebaseCrashlytics */ = {
			isa = XCSwiftPackageProductDependency;
			package = D82E68F02807093D00AFA077 /* XCRemoteSwiftPackageReference "firebase-ios-sdk" */;
			productName = FirebaseCrashlytics;
		};
		D82E68F72807093D00AFA077 /* FirebaseDatabase */ = {
			isa = XCSwiftPackageProductDependency;
			package = D82E68F02807093D00AFA077 /* XCRemoteSwiftPackageReference "firebase-ios-sdk" */;
			productName = FirebaseDatabase;
		};
		D82E68F92807093D00AFA077 /* FirebaseStorage */ = {
			isa = XCSwiftPackageProductDependency;
			package = D82E68F02807093D00AFA077 /* XCRemoteSwiftPackageReference "firebase-ios-sdk" */;
			productName = FirebaseStorage;
		};
		D86875A62821372D00A95616 /* FirebaseFirestore */ = {
			isa = XCSwiftPackageProductDependency;
			package = D82E68F02807093D00AFA077 /* XCRemoteSwiftPackageReference "firebase-ios-sdk" */;
			productName = FirebaseFirestore;
		};
		D8AAF063281AD1B600D1A650 /* GoogleSignIn */ = {
			isa = XCSwiftPackageProductDependency;
			package = D8AAF062281AD1B600D1A650 /* XCRemoteSwiftPackageReference "GoogleSignIn-iOS" */;
			productName = GoogleSignIn;
		};
/* End XCSwiftPackageProductDependency section */
	};
	rootObject = D8DD8C3A28016F68004D3C69 /* Project object */;
}
