// !$*UTF8*$!
{
	archiveVersion = 1;
	classes = {
	};
	objectVersion = 55;
	objects = {

/* Begin PBXBuildFile section */
		D82E60BA2802EF1D008CE10A /* ProfileView.swift in Sources */ = {isa = PBXBuildFile; fileRef = D82E60B92802EF1D008CE10A /* ProfileView.swift */; };
		D82E60BD2802F00D008CE10A /* ToolbarModal.swift in Sources */ = {isa = PBXBuildFile; fileRef = D82E60BC2802F00D008CE10A /* ToolbarModal.swift */; };
		D82E60C02802F072008CE10A /* FitBBBottomToolbar.swift in Sources */ = {isa = PBXBuildFile; fileRef = D82E60BF2802F072008CE10A /* FitBBBottomToolbar.swift */; };
		D82E60C22802F9AF008CE10A /* FitBBToolbar.swift in Sources */ = {isa = PBXBuildFile; fileRef = D82E60C12802F9AF008CE10A /* FitBBToolbar.swift */; };
		D82E60C42802FA26008CE10A /* ExercisesView.swift in Sources */ = {isa = PBXBuildFile; fileRef = D82E60C32802FA26008CE10A /* ExercisesView.swift */; };
		D82E60C62802FAF1008CE10A /* FoodView.swift in Sources */ = {isa = PBXBuildFile; fileRef = D82E60C52802FAF1008CE10A /* FoodView.swift */; };
		D82E60C82802FAFF008CE10A /* HistoryView.swift in Sources */ = {isa = PBXBuildFile; fileRef = D82E60C72802FAFF008CE10A /* HistoryView.swift */; };
		D82E60CA2802FB0C008CE10A /* AchievementsView.swift in Sources */ = {isa = PBXBuildFile; fileRef = D82E60C92802FB0C008CE10A /* AchievementsView.swift */; };
		D8DD8C4628016F68004D3C69 /* FitBBApp.swift in Sources */ = {isa = PBXBuildFile; fileRef = D8DD8C4528016F68004D3C69 /* FitBBApp.swift */; };
		D8DD8C4828016F68004D3C69 /* ContentView.swift in Sources */ = {isa = PBXBuildFile; fileRef = D8DD8C4728016F68004D3C69 /* ContentView.swift */; };
		D8DD8C4A28016F6A004D3C69 /* Assets.xcassets in Resources */ = {isa = PBXBuildFile; fileRef = D8DD8C4928016F6A004D3C69 /* Assets.xcassets */; };
		D8DD8C4D28016F6A004D3C69 /* Preview Assets.xcassets in Resources */ = {isa = PBXBuildFile; fileRef = D8DD8C4C28016F6A004D3C69 /* Preview Assets.xcassets */; };
/* End PBXBuildFile section */

/* Begin PBXFileReference section */
		D82E60B92802EF1D008CE10A /* ProfileView.swift */ = {isa = PBXFileReference; lastKnownFileType = sourcecode.swift; path = ProfileView.swift; sourceTree = "<group>"; };
		D82E60BC2802F00D008CE10A /* ToolbarModal.swift */ = {isa = PBXFileReference; lastKnownFileType = sourcecode.swift; path = ToolbarModal.swift; sourceTree = "<group>"; };
		D82E60BF2802F072008CE10A /* FitBBBottomToolbar.swift */ = {isa = PBXFileReference; lastKnownFileType = sourcecode.swift; path = FitBBBottomToolbar.swift; sourceTree = "<group>"; };
		D82E60C12802F9AF008CE10A /* FitBBToolbar.swift */ = {isa = PBXFileReference; lastKnownFileType = sourcecode.swift; path = FitBBToolbar.swift; sourceTree = "<group>"; };
		D82E60C32802FA26008CE10A /* ExercisesView.swift */ = {isa = PBXFileReference; lastKnownFileType = sourcecode.swift; path = ExercisesView.swift; sourceTree = "<group>"; };
		D82E60C52802FAF1008CE10A /* FoodView.swift */ = {isa = PBXFileReference; lastKnownFileType = sourcecode.swift; path = FoodView.swift; sourceTree = "<group>"; };
		D82E60C72802FAFF008CE10A /* HistoryView.swift */ = {isa = PBXFileReference; lastKnownFileType = sourcecode.swift; path = HistoryView.swift; sourceTree = "<group>"; };
		D82E60C92802FB0C008CE10A /* AchievementsView.swift */ = {isa = PBXFileReference; lastKnownFileType = sourcecode.swift; path = AchievementsView.swift; sourceTree = "<group>"; };
		D8DD8C4228016F68004D3C69 /* FitBB.app */ = {isa = PBXFileReference; explicitFileType = wrapper.application; includeInIndex = 0; path = FitBB.app; sourceTree = BUILT_PRODUCTS_DIR; };
		D8DD8C4528016F68004D3C69 /* FitBBApp.swift */ = {isa = PBXFileReference; lastKnownFileType = sourcecode.swift; path = FitBBApp.swift; sourceTree = "<group>"; };
		D8DD8C4728016F68004D3C69 /* ContentView.swift */ = {isa = PBXFileReference; lastKnownFileType = sourcecode.swift; path = ContentView.swift; sourceTree = "<group>"; };
		D8DD8C4928016F6A004D3C69 /* Assets.xcassets */ = {isa = PBXFileReference; lastKnownFileType = folder.assetcatalog; path = Assets.xcassets; sourceTree = "<group>"; };
		D8DD8C4C28016F6A004D3C69 /* Preview Assets.xcassets */ = {isa = PBXFileReference; lastKnownFileType = folder.assetcatalog; path = "Preview Assets.xcassets"; sourceTree = "<group>"; };
/* End PBXFileReference section */

/* Begin PBXFrameworksBuildPhase section */
		D8DD8C3F28016F68004D3C69 /* Frameworks */ = {
			isa = PBXFrameworksBuildPhase;
			buildActionMask = 2147483647;
			files = (
			);
			runOnlyForDeploymentPostprocessing = 0;
		};
/* End PBXFrameworksBuildPhase section */

/* Begin PBXGroup section */
		D82E60BB2802EFCC008CE10A /* Views */ = {
			isa = PBXGroup;
			children = (
				D8DD8C4728016F68004D3C69 /* ContentView.swift */,
				D82E60B92802EF1D008CE10A /* ProfileView.swift */,
				D82E60C32802FA26008CE10A /* ExercisesView.swift */,
				D82E60C52802FAF1008CE10A /* FoodView.swift */,
				D82E60C72802FAFF008CE10A /* HistoryView.swift */,
				D82E60C92802FB0C008CE10A /* AchievementsView.swift */,
				D82E60BF2802F072008CE10A /* FitBBBottomToolbar.swift */,
				D82E60C12802F9AF008CE10A /* FitBBToolbar.swift */,
			);
			path = Views;
			sourceTree = "<group>";
		};
		D82E60BE2802F011008CE10A /* Model */ = {
			isa = PBXGroup;
			children = (
				D82E60BC2802F00D008CE10A /* ToolbarModal.swift */,
			);
			path = Model;
			sourceTree = "<group>";
		};
		D8DD8C3928016F68004D3C69 = {
			isa = PBXGroup;
			children = (
				D8DD8C4428016F68004D3C69 /* FitBB */,
				D8DD8C4328016F68004D3C69 /* Products */,
			);
			sourceTree = "<group>";
		};
		D8DD8C4328016F68004D3C69 /* Products */ = {
			isa = PBXGroup;
			children = (
				D8DD8C4228016F68004D3C69 /* FitBB.app */,
			);
			name = Products;
			sourceTree = "<group>";
		};
		D8DD8C4428016F68004D3C69 /* FitBB */ = {
			isa = PBXGroup;
			children = (
				D8DD8C4528016F68004D3C69 /* FitBBApp.swift */,
				D82E60BB2802EFCC008CE10A /* Views */,
				D82E60BE2802F011008CE10A /* Model */,
				D8DD8C4928016F6A004D3C69 /* Assets.xcassets */,
				D8DD8C4B28016F6A004D3C69 /* Preview Content */,
			);
			path = FitBB;
			sourceTree = "<group>";
		};
		D8DD8C4B28016F6A004D3C69 /* Preview Content */ = {
			isa = PBXGroup;
			children = (
				D8DD8C4C28016F6A004D3C69 /* Preview Assets.xcassets */,
			);
			path = "Preview Content";
			sourceTree = "<group>";
		};
/* End PBXGroup section */

/* Begin PBXNativeTarget section */
		D8DD8C4128016F68004D3C69 /* FitBB */ = {
			isa = PBXNativeTarget;
			buildConfigurationList = D8DD8C5028016F6A004D3C69 /* Build configuration list for PBXNativeTarget "FitBB" */;
			buildPhases = (
				D8DD8C3E28016F68004D3C69 /* Sources */,
				D8DD8C3F28016F68004D3C69 /* Frameworks */,
				D8DD8C4028016F68004D3C69 /* Resources */,
			);
			buildRules = (
			);
			dependencies = (
			);
			name = FitBB;
			productName = FitBB;
			productReference = D8DD8C4228016F68004D3C69 /* FitBB.app */;
			productType = "com.apple.product-type.application";
		};
/* End PBXNativeTarget section */

/* Begin PBXProject section */
		D8DD8C3A28016F68004D3C69 /* Project object */ = {
			isa = PBXProject;
			attributes = {
				BuildIndependentTargetsInParallel = 1;
				LastSwiftUpdateCheck = 1330;
				LastUpgradeCheck = 1330;
				TargetAttributes = {
					D8DD8C4128016F68004D3C69 = {
						CreatedOnToolsVersion = 13.3;
					};
				};
			};
			buildConfigurationList = D8DD8C3D28016F68004D3C69 /* Build configuration list for PBXProject "FitBB" */;
			compatibilityVersion = "Xcode 13.0";
			developmentRegion = en;
			hasScannedForEncodings = 0;
			knownRegions = (
				en,
				Base,
			);
			mainGroup = D8DD8C3928016F68004D3C69;
			productRefGroup = D8DD8C4328016F68004D3C69 /* Products */;
			projectDirPath = "";
			projectRoot = "";
			targets = (
				D8DD8C4128016F68004D3C69 /* FitBB */,
			);
		};
/* End PBXProject section */

/* Begin PBXResourcesBuildPhase section */
		D8DD8C4028016F68004D3C69 /* Resources */ = {
			isa = PBXResourcesBuildPhase;
			buildActionMask = 2147483647;
			files = (
				D8DD8C4D28016F6A004D3C69 /* Preview Assets.xcassets in Resources */,
				D8DD8C4A28016F6A004D3C69 /* Assets.xcassets in Resources */,
			);
			runOnlyForDeploymentPostprocessing = 0;
		};
/* End PBXResourcesBuildPhase section */

/* Begin PBXSourcesBuildPhase section */
		D8DD8C3E28016F68004D3C69 /* Sources */ = {
			isa = PBXSourcesBuildPhase;
			buildActionMask = 2147483647;
			files = (
				D8DD8C4828016F68004D3C69 /* ContentView.swift in Sources */,
				D82E60C02802F072008CE10A /* FitBBBottomToolbar.swift in Sources */,
				D82E60CA2802FB0C008CE10A /* AchievementsView.swift in Sources */,
				D82E60BD2802F00D008CE10A /* ToolbarModal.swift in Sources */,
				D82E60BA2802EF1D008CE10A /* ProfileView.swift in Sources */,
				D82E60C62802FAF1008CE10A /* FoodView.swift in Sources */,
				D8DD8C4628016F68004D3C69 /* FitBBApp.swift in Sources */,
				D82E60C42802FA26008CE10A /* ExercisesView.swift in Sources */,
				D82E60C82802FAFF008CE10A /* HistoryView.swift in Sources */,
				D82E60C22802F9AF008CE10A /* FitBBToolbar.swift in Sources */,
			);
			runOnlyForDeploymentPostprocessing = 0;
		};
/* End PBXSourcesBuildPhase section */

/* Begin XCBuildConfiguration section */
		D8DD8C4E28016F6A004D3C69 /* Debug */ = {
			isa = XCBuildConfiguration;
			buildSettings = {
				ALWAYS_SEARCH_USER_PATHS = NO;
				CLANG_ANALYZER_NONNULL = YES;
				CLANG_ANALYZER_NUMBER_OBJECT_CONVERSION = YES_AGGRESSIVE;
				CLANG_CXX_LANGUAGE_STANDARD = "gnu++17";
				CLANG_ENABLE_MODULES = YES;
				CLANG_ENABLE_OBJC_ARC = YES;
				CLANG_ENABLE_OBJC_WEAK = YES;
				CLANG_WARN_BLOCK_CAPTURE_AUTORELEASING = YES;
				CLANG_WARN_BOOL_CONVERSION = YES;
				CLANG_WARN_COMMA = YES;
				CLANG_WARN_CONSTANT_CONVERSION = YES;
				CLANG_WARN_DEPRECATED_OBJC_IMPLEMENTATIONS = YES;
				CLANG_WARN_DIRECT_OBJC_ISA_USAGE = YES_ERROR;
				CLANG_WARN_DOCUMENTATION_COMMENTS = YES;
				CLANG_WARN_EMPTY_BODY = YES;
				CLANG_WARN_ENUM_CONVERSION = YES;
				CLANG_WARN_INFINITE_RECURSION = YES;
				CLANG_WARN_INT_CONVERSION = YES;
				CLANG_WARN_NON_LITERAL_NULL_CONVERSION = YES;
				CLANG_WARN_OBJC_IMPLICIT_RETAIN_SELF = YES;
				CLANG_WARN_OBJC_LITERAL_CONVERSION = YES;
				CLANG_WARN_OBJC_ROOT_CLASS = YES_ERROR;
				CLANG_WARN_QUOTED_INCLUDE_IN_FRAMEWORK_HEADER = YES;
				CLANG_WARN_RANGE_LOOP_ANALYSIS = YES;
				CLANG_WARN_STRICT_PROTOTYPES = YES;
				CLANG_WARN_SUSPICIOUS_MOVE = YES;
				CLANG_WARN_UNGUARDED_AVAILABILITY = YES_AGGRESSIVE;
				CLANG_WARN_UNREACHABLE_CODE = YES;
				CLANG_WARN__DUPLICATE_METHOD_MATCH = YES;
				COPY_PHASE_STRIP = NO;
				DEBUG_INFORMATION_FORMAT = dwarf;
				ENABLE_STRICT_OBJC_MSGSEND = YES;
				ENABLE_TESTABILITY = YES;
				GCC_C_LANGUAGE_STANDARD = gnu11;
				GCC_DYNAMIC_NO_PIC = NO;
				GCC_NO_COMMON_BLOCKS = YES;
				GCC_OPTIMIZATION_LEVEL = 0;
				GCC_PREPROCESSOR_DEFINITIONS = (
					"DEBUG=1",
					"$(inherited)",
				);
				GCC_WARN_64_TO_32_BIT_CONVERSION = YES;
				GCC_WARN_ABOUT_RETURN_TYPE = YES_ERROR;
				GCC_WARN_UNDECLARED_SELECTOR = YES;
				GCC_WARN_UNINITIALIZED_AUTOS = YES_AGGRESSIVE;
				GCC_WARN_UNUSED_FUNCTION = YES;
				GCC_WARN_UNUSED_VARIABLE = YES;
				IPHONEOS_DEPLOYMENT_TARGET = 15.4;
				MTL_ENABLE_DEBUG_INFO = INCLUDE_SOURCE;
				MTL_FAST_MATH = YES;
				ONLY_ACTIVE_ARCH = YES;
				SDKROOT = iphoneos;
				SWIFT_ACTIVE_COMPILATION_CONDITIONS = DEBUG;
				SWIFT_OPTIMIZATION_LEVEL = "-Onone";
			};
			name = Debug;
		};
		D8DD8C4F28016F6A004D3C69 /* Release */ = {
			isa = XCBuildConfiguration;
			buildSettings = {
				ALWAYS_SEARCH_USER_PATHS = NO;
				CLANG_ANALYZER_NONNULL = YES;
				CLANG_ANALYZER_NUMBER_OBJECT_CONVERSION = YES_AGGRESSIVE;
				CLANG_CXX_LANGUAGE_STANDARD = "gnu++17";
				CLANG_ENABLE_MODULES = YES;
				CLANG_ENABLE_OBJC_ARC = YES;
				CLANG_ENABLE_OBJC_WEAK = YES;
				CLANG_WARN_BLOCK_CAPTURE_AUTORELEASING = YES;
				CLANG_WARN_BOOL_CONVERSION = YES;
				CLANG_WARN_COMMA = YES;
				CLANG_WARN_CONSTANT_CONVERSION = YES;
				CLANG_WARN_DEPRECATED_OBJC_IMPLEMENTATIONS = YES;
				CLANG_WARN_DIRECT_OBJC_ISA_USAGE = YES_ERROR;
				CLANG_WARN_DOCUMENTATION_COMMENTS = YES;
				CLANG_WARN_EMPTY_BODY = YES;
				CLANG_WARN_ENUM_CONVERSION = YES;
				CLANG_WARN_INFINITE_RECURSION = YES;
				CLANG_WARN_INT_CONVERSION = YES;
				CLANG_WARN_NON_LITERAL_NULL_CONVERSION = YES;
				CLANG_WARN_OBJC_IMPLICIT_RETAIN_SELF = YES;
				CLANG_WARN_OBJC_LITERAL_CONVERSION = YES;
				CLANG_WARN_OBJC_ROOT_CLASS = YES_ERROR;
				CLANG_WARN_QUOTED_INCLUDE_IN_FRAMEWORK_HEADER = YES;
				CLANG_WARN_RANGE_LOOP_ANALYSIS = YES;
				CLANG_WARN_STRICT_PROTOTYPES = YES;
				CLANG_WARN_SUSPICIOUS_MOVE = YES;
				CLANG_WARN_UNGUARDED_AVAILABILITY = YES_AGGRESSIVE;
				CLANG_WARN_UNREACHABLE_CODE = YES;
				CLANG_WARN__DUPLICATE_METHOD_MATCH = YES;
				COPY_PHASE_STRIP = NO;
				DEBUG_INFORMATION_FORMAT = "dwarf-with-dsym";
				ENABLE_NS_ASSERTIONS = NO;
				ENABLE_STRICT_OBJC_MSGSEND = YES;
				GCC_C_LANGUAGE_STANDARD = gnu11;
				GCC_NO_COMMON_BLOCKS = YES;
				GCC_WARN_64_TO_32_BIT_CONVERSION = YES;
				GCC_WARN_ABOUT_RETURN_TYPE = YES_ERROR;
				GCC_WARN_UNDECLARED_SELECTOR = YES;
				GCC_WARN_UNINITIALIZED_AUTOS = YES_AGGRESSIVE;
				GCC_WARN_UNUSED_FUNCTION = YES;
				GCC_WARN_UNUSED_VARIABLE = YES;
				IPHONEOS_DEPLOYMENT_TARGET = 15.4;
				MTL_ENABLE_DEBUG_INFO = NO;
				MTL_FAST_MATH = YES;
				SDKROOT = iphoneos;
				SWIFT_COMPILATION_MODE = wholemodule;
				SWIFT_OPTIMIZATION_LEVEL = "-O";
				VALIDATE_PRODUCT = YES;
			};
			name = Release;
		};
		D8DD8C5128016F6A004D3C69 /* Debug */ = {
			isa = XCBuildConfiguration;
			buildSettings = {
				ASSETCATALOG_COMPILER_APPICON_NAME = AppIcon;
				ASSETCATALOG_COMPILER_GLOBAL_ACCENT_COLOR_NAME = AccentColor;
				CODE_SIGN_STYLE = Automatic;
				CURRENT_PROJECT_VERSION = 1;
				DEVELOPMENT_ASSET_PATHS = "\"FitBB/Preview Content\"";
				DEVELOPMENT_TEAM = W8E6UD5535;
				ENABLE_PREVIEWS = YES;
				GENERATE_INFOPLIST_FILE = YES;
				INFOPLIST_KEY_UIApplicationSceneManifest_Generation = YES;
				INFOPLIST_KEY_UIApplicationSupportsIndirectInputEvents = YES;
				INFOPLIST_KEY_UILaunchScreen_Generation = YES;
				INFOPLIST_KEY_UISupportedInterfaceOrientations_iPad = "UIInterfaceOrientationPortrait UIInterfaceOrientationPortraitUpsideDown UIInterfaceOrientationLandscapeLeft UIInterfaceOrientationLandscapeRight";
				INFOPLIST_KEY_UISupportedInterfaceOrientations_iPhone = "UIInterfaceOrientationPortrait UIInterfaceOrientationLandscapeLeft UIInterfaceOrientationLandscapeRight";
				LD_RUNPATH_SEARCH_PATHS = (
					"$(inherited)",
					"@executable_path/Frameworks",
				);
				MARKETING_VERSION = 1.0;
				PRODUCT_BUNDLE_IDENTIFIER = aumetov.FitBB;
				PRODUCT_NAME = "$(TARGET_NAME)";
				SWIFT_EMIT_LOC_STRINGS = YES;
				SWIFT_VERSION = 5.0;
				TARGETED_DEVICE_FAMILY = "1,2";
			};
			name = Debug;
		};
		D8DD8C5228016F6A004D3C69 /* Release */ = {
			isa = XCBuildConfiguration;
			buildSettings = {
				ASSETCATALOG_COMPILER_APPICON_NAME = AppIcon;
				ASSETCATALOG_COMPILER_GLOBAL_ACCENT_COLOR_NAME = AccentColor;
				CODE_SIGN_STYLE = Automatic;
				CURRENT_PROJECT_VERSION = 1;
				DEVELOPMENT_ASSET_PATHS = "\"FitBB/Preview Content\"";
				DEVELOPMENT_TEAM = W8E6UD5535;
				ENABLE_PREVIEWS = YES;
				GENERATE_INFOPLIST_FILE = YES;
				INFOPLIST_KEY_UIApplicationSceneManifest_Generation = YES;
				INFOPLIST_KEY_UIApplicationSupportsIndirectInputEvents = YES;
				INFOPLIST_KEY_UILaunchScreen_Generation = YES;
				INFOPLIST_KEY_UISupportedInterfaceOrientations_iPad = "UIInterfaceOrientationPortrait UIInterfaceOrientationPortraitUpsideDown UIInterfaceOrientationLandscapeLeft UIInterfaceOrientationLandscapeRight";
				INFOPLIST_KEY_UISupportedInterfaceOrientations_iPhone = "UIInterfaceOrientationPortrait UIInterfaceOrientationLandscapeLeft UIInterfaceOrientationLandscapeRight";
				LD_RUNPATH_SEARCH_PATHS = (
					"$(inherited)",
					"@executable_path/Frameworks",
				);
				MARKETING_VERSION = 1.0;
				PRODUCT_BUNDLE_IDENTIFIER = aumetov.FitBB;
				PRODUCT_NAME = "$(TARGET_NAME)";
				SWIFT_EMIT_LOC_STRINGS = YES;
				SWIFT_VERSION = 5.0;
				TARGETED_DEVICE_FAMILY = "1,2";
			};
			name = Release;
		};
/* End XCBuildConfiguration section */

/* Begin XCConfigurationList section */
		D8DD8C3D28016F68004D3C69 /* Build configuration list for PBXProject "FitBB" */ = {
			isa = XCConfigurationList;
			buildConfigurations = (
				D8DD8C4E28016F6A004D3C69 /* Debug */,
				D8DD8C4F28016F6A004D3C69 /* Release */,
			);
			defaultConfigurationIsVisible = 0;
			defaultConfigurationName = Release;
		};
		D8DD8C5028016F6A004D3C69 /* Build configuration list for PBXNativeTarget "FitBB" */ = {
			isa = XCConfigurationList;
			buildConfigurations = (
				D8DD8C5128016F6A004D3C69 /* Debug */,
				D8DD8C5228016F6A004D3C69 /* Release */,
			);
			defaultConfigurationIsVisible = 0;
			defaultConfigurationName = Release;
		};
/* End XCConfigurationList section */
	};
	rootObject = D8DD8C3A28016F68004D3C69 /* Project object */;
}
